// !$*UTF8*$!
{
	archiveVersion = 1;
	classes = {
	};
	objectVersion = 46;
	objects = {

/* Begin PBXBuildFile section */
		3E7429371505956A005A272C /* LoginWithFacebookNormal.png in Resources */ = {isa = PBXBuildFile; fileRef = 3E7429361505956A005A272C /* LoginWithFacebookNormal.png */; };
		3E9472FB15008EF900A261DD /* UIKit.framework in Frameworks */ = {isa = PBXBuildFile; fileRef = 3E9472FA15008EF900A261DD /* UIKit.framework */; };
		3E9472FD15008EF900A261DD /* Foundation.framework in Frameworks */ = {isa = PBXBuildFile; fileRef = 3E9472FC15008EF900A261DD /* Foundation.framework */; };
		3E9472FF15008EF900A261DD /* CoreGraphics.framework in Frameworks */ = {isa = PBXBuildFile; fileRef = 3E9472FE15008EF900A261DD /* CoreGraphics.framework */; };
		3E94730515008EF900A261DD /* InfoPlist.strings in Resources */ = {isa = PBXBuildFile; fileRef = 3E94730315008EF900A261DD /* InfoPlist.strings */; };
		3E94730715008EF900A261DD /* main.m in Sources */ = {isa = PBXBuildFile; fileRef = 3E94730615008EF900A261DD /* main.m */; };
		3E94730B15008EF900A261DD /* PiggybackAppDelegate.m in Sources */ = {isa = PBXBuildFile; fileRef = 3E94730A15008EF900A261DD /* PiggybackAppDelegate.m */; };
		3E94730E15008EF900A261DD /* MainStoryboard_iPhone.storyboard in Resources */ = {isa = PBXBuildFile; fileRef = 3E94730C15008EF900A261DD /* MainStoryboard_iPhone.storyboard */; };
		3E94731115008EF900A261DD /* MainStoryboard_iPad.storyboard in Resources */ = {isa = PBXBuildFile; fileRef = 3E94730F15008EF900A261DD /* MainStoryboard_iPad.storyboard */; };
		3E94731415008EF900A261DD /* LoginViewController.m in Sources */ = {isa = PBXBuildFile; fileRef = 3E94731315008EF900A261DD /* LoginViewController.m */; };
		3EB2D043150580600028E664 /* FBConnect.bundle in Resources */ = {isa = PBXBuildFile; fileRef = 3EB2D042150580600028E664 /* FBConnect.bundle */; };
		3EFDB51E1501795800CC57A8 /* piggyback_login.png in Resources */ = {isa = PBXBuildFile; fileRef = 3EFDB51D1501795800CC57A8 /* piggyback_login.png */; };
		3EFDB52F15017C6500CC57A8 /* FBDialog.bundle in Resources */ = {isa = PBXBuildFile; fileRef = 3EFDB52215017C6500CC57A8 /* FBDialog.bundle */; };
		3EFDB53015017C6500CC57A8 /* libfacebook_ios_sdk.a in Frameworks */ = {isa = PBXBuildFile; fileRef = 3EFDB52815017C6500CC57A8 /* libfacebook_ios_sdk.a */; };
		F9B9B620150193810002BCDE /* CFNetwork.framework in Frameworks */ = {isa = PBXBuildFile; fileRef = F9B9B61F150193810002BCDE /* CFNetwork.framework */; };
		F9B9B622150193880002BCDE /* CoreData.framework in Frameworks */ = {isa = PBXBuildFile; fileRef = F9B9B621150193880002BCDE /* CoreData.framework */; };
		F9B9B624150193920002BCDE /* MobileCoreServices.framework in Frameworks */ = {isa = PBXBuildFile; fileRef = F9B9B623150193920002BCDE /* MobileCoreServices.framework */; };
		F9B9B6261501939A0002BCDE /* Security.framework in Frameworks */ = {isa = PBXBuildFile; fileRef = F9B9B6251501939A0002BCDE /* Security.framework */; };
		F9B9B628150193A30002BCDE /* SystemConfiguration.framework in Frameworks */ = {isa = PBXBuildFile; fileRef = F9B9B627150193A30002BCDE /* SystemConfiguration.framework */; };
		F9B9B62A150193AC0002BCDE /* QuartzCore.framework in Frameworks */ = {isa = PBXBuildFile; fileRef = F9B9B629150193AC0002BCDE /* QuartzCore.framework */; };
		F9B9B62C150193B60002BCDE /* libxml2.dylib in Frameworks */ = {isa = PBXBuildFile; fileRef = F9B9B62B150193B60002BCDE /* libxml2.dylib */; };
		F9B9B641150197F00002BCDE /* libRestKit.a in Frameworks */ = {isa = PBXBuildFile; fileRef = F9B9B638150197420002BCDE /* libRestKit.a */; };
		F9B9B6441501A3490002BCDE /* ListEntry.m in Sources */ = {isa = PBXBuildFile; fileRef = F9B9B6431501A3490002BCDE /* ListEntry.m */; };
/* End PBXBuildFile section */

/* Begin PBXContainerItemProxy section */
		F9B9B637150197420002BCDE /* PBXContainerItemProxy */ = {
			isa = PBXContainerItemProxy;
			containerPortal = F9B9B62D150197420002BCDE /* RestKit.xcodeproj */;
			proxyType = 2;
			remoteGlobalIDString = 25160D1614564E810060A5C5;
			remoteInfo = RestKit;
		};
		F9B9B639150197420002BCDE /* PBXContainerItemProxy */ = {
			isa = PBXContainerItemProxy;
			containerPortal = F9B9B62D150197420002BCDE /* RestKit.xcodeproj */;
			proxyType = 2;
			remoteGlobalIDString = 25160D2614564E820060A5C5;
			remoteInfo = RestKitTests;
		};
		F9B9B63B150197420002BCDE /* PBXContainerItemProxy */ = {
			isa = PBXContainerItemProxy;
			containerPortal = F9B9B62D150197420002BCDE /* RestKit.xcodeproj */;
			proxyType = 2;
			remoteGlobalIDString = 25160E62145651060060A5C5;
			remoteInfo = RestKitFramework;
		};
		F9B9B63D150197420002BCDE /* PBXContainerItemProxy */ = {
			isa = PBXContainerItemProxy;
			containerPortal = F9B9B62D150197420002BCDE /* RestKit.xcodeproj */;
			proxyType = 2;
			remoteGlobalIDString = 25160E78145651060060A5C5;
			remoteInfo = RestKitFrameworkTests;
		};
		F9B9B63F150197D00002BCDE /* PBXContainerItemProxy */ = {
			isa = PBXContainerItemProxy;
			containerPortal = F9B9B62D150197420002BCDE /* RestKit.xcodeproj */;
			proxyType = 1;
			remoteGlobalIDString = 25160D1514564E810060A5C5;
			remoteInfo = RestKit;
		};
/* End PBXContainerItemProxy section */

/* Begin PBXFileReference section */
		3E7429361505956A005A272C /* LoginWithFacebookNormal.png */ = {isa = PBXFileReference; lastKnownFileType = image.png; name = LoginWithFacebookNormal.png; path = "../facebook-ios-sdk/FBConnect.bundle/images/LoginWithFacebookNormal.png"; sourceTree = "<group>"; };
		3E9472F615008EF900A261DD /* Piggyback.app */ = {isa = PBXFileReference; explicitFileType = wrapper.application; includeInIndex = 0; path = Piggyback.app; sourceTree = BUILT_PRODUCTS_DIR; };
		3E9472FA15008EF900A261DD /* UIKit.framework */ = {isa = PBXFileReference; lastKnownFileType = wrapper.framework; name = UIKit.framework; path = System/Library/Frameworks/UIKit.framework; sourceTree = SDKROOT; };
		3E9472FC15008EF900A261DD /* Foundation.framework */ = {isa = PBXFileReference; lastKnownFileType = wrapper.framework; name = Foundation.framework; path = System/Library/Frameworks/Foundation.framework; sourceTree = SDKROOT; };
		3E9472FE15008EF900A261DD /* CoreGraphics.framework */ = {isa = PBXFileReference; lastKnownFileType = wrapper.framework; name = CoreGraphics.framework; path = System/Library/Frameworks/CoreGraphics.framework; sourceTree = SDKROOT; };
		3E94730215008EF900A261DD /* Piggyback-Info.plist */ = {isa = PBXFileReference; lastKnownFileType = text.plist.xml; path = "Piggyback-Info.plist"; sourceTree = "<group>"; };
		3E94730415008EF900A261DD /* en */ = {isa = PBXFileReference; lastKnownFileType = text.plist.strings; name = en; path = en.lproj/InfoPlist.strings; sourceTree = "<group>"; };
		3E94730615008EF900A261DD /* main.m */ = {isa = PBXFileReference; lastKnownFileType = sourcecode.c.objc; path = main.m; sourceTree = "<group>"; };
		3E94730815008EF900A261DD /* Piggyback-Prefix.pch */ = {isa = PBXFileReference; lastKnownFileType = sourcecode.c.h; path = "Piggyback-Prefix.pch"; sourceTree = "<group>"; };
		3E94730915008EF900A261DD /* PiggybackAppDelegate.h */ = {isa = PBXFileReference; lastKnownFileType = sourcecode.c.h; path = PiggybackAppDelegate.h; sourceTree = "<group>"; };
		3E94730A15008EF900A261DD /* PiggybackAppDelegate.m */ = {isa = PBXFileReference; lastKnownFileType = sourcecode.c.objc; path = PiggybackAppDelegate.m; sourceTree = "<group>"; };
		3E94730D15008EF900A261DD /* en */ = {isa = PBXFileReference; lastKnownFileType = file.storyboard; name = en; path = en.lproj/MainStoryboard_iPhone.storyboard; sourceTree = "<group>"; };
		3E94731015008EF900A261DD /* en */ = {isa = PBXFileReference; lastKnownFileType = file.storyboard; name = en; path = en.lproj/MainStoryboard_iPad.storyboard; sourceTree = "<group>"; };
		3E94731215008EF900A261DD /* LoginViewController.h */ = {isa = PBXFileReference; lastKnownFileType = sourcecode.c.h; path = LoginViewController.h; sourceTree = "<group>"; };
		3E94731315008EF900A261DD /* LoginViewController.m */ = {isa = PBXFileReference; lastKnownFileType = sourcecode.c.objc; path = LoginViewController.m; sourceTree = "<group>"; };
		3EB2D042150580600028E664 /* FBConnect.bundle */ = {isa = PBXFileReference; lastKnownFileType = "wrapper.plug-in"; path = FBConnect.bundle; sourceTree = "<group>"; };
		3EFDB51D1501795800CC57A8 /* piggyback_login.png */ = {isa = PBXFileReference; lastKnownFileType = image.png; path = piggyback_login.png; sourceTree = "<group>"; };
		3EFDB52015017C6500CC57A8 /* Facebook.h */ = {isa = PBXFileReference; fileEncoding = 4; lastKnownFileType = sourcecode.c.h; path = Facebook.h; sourceTree = "<group>"; };
		3EFDB52115017C6500CC57A8 /* FBConnect.h */ = {isa = PBXFileReference; fileEncoding = 4; lastKnownFileType = sourcecode.c.h; path = FBConnect.h; sourceTree = "<group>"; };
		3EFDB52215017C6500CC57A8 /* FBDialog.bundle */ = {isa = PBXFileReference; lastKnownFileType = "wrapper.plug-in"; path = FBDialog.bundle; sourceTree = "<group>"; };
		3EFDB52315017C6500CC57A8 /* FBDialog.h */ = {isa = PBXFileReference; fileEncoding = 4; lastKnownFileType = sourcecode.c.h; path = FBDialog.h; sourceTree = "<group>"; };
		3EFDB52415017C6500CC57A8 /* FBFrictionlessRequestSettings.h */ = {isa = PBXFileReference; fileEncoding = 4; lastKnownFileType = sourcecode.c.h; path = FBFrictionlessRequestSettings.h; sourceTree = "<group>"; };
		3EFDB52515017C6500CC57A8 /* FBLoginDialog.h */ = {isa = PBXFileReference; fileEncoding = 4; lastKnownFileType = sourcecode.c.h; path = FBLoginDialog.h; sourceTree = "<group>"; };
		3EFDB52615017C6500CC57A8 /* FBRequest.h */ = {isa = PBXFileReference; fileEncoding = 4; lastKnownFileType = sourcecode.c.h; path = FBRequest.h; sourceTree = "<group>"; };
		3EFDB52715017C6500CC57A8 /* JSON.h */ = {isa = PBXFileReference; fileEncoding = 4; lastKnownFileType = sourcecode.c.h; path = JSON.h; sourceTree = "<group>"; };
		3EFDB52815017C6500CC57A8 /* libfacebook_ios_sdk.a */ = {isa = PBXFileReference; lastKnownFileType = archive.ar; path = libfacebook_ios_sdk.a; sourceTree = "<group>"; };
		3EFDB52915017C6500CC57A8 /* NSObject+SBJSON.h */ = {isa = PBXFileReference; fileEncoding = 4; lastKnownFileType = sourcecode.c.h; path = "NSObject+SBJSON.h"; sourceTree = "<group>"; };
		3EFDB52A15017C6500CC57A8 /* NSString+SBJSON.h */ = {isa = PBXFileReference; fileEncoding = 4; lastKnownFileType = sourcecode.c.h; path = "NSString+SBJSON.h"; sourceTree = "<group>"; };
		3EFDB52B15017C6500CC57A8 /* SBJSON.h */ = {isa = PBXFileReference; fileEncoding = 4; lastKnownFileType = sourcecode.c.h; path = SBJSON.h; sourceTree = "<group>"; };
		3EFDB52C15017C6500CC57A8 /* SBJsonBase.h */ = {isa = PBXFileReference; fileEncoding = 4; lastKnownFileType = sourcecode.c.h; path = SBJsonBase.h; sourceTree = "<group>"; };
		3EFDB52D15017C6500CC57A8 /* SBJsonParser.h */ = {isa = PBXFileReference; fileEncoding = 4; lastKnownFileType = sourcecode.c.h; path = SBJsonParser.h; sourceTree = "<group>"; };
		3EFDB52E15017C6500CC57A8 /* SBJsonWriter.h */ = {isa = PBXFileReference; fileEncoding = 4; lastKnownFileType = sourcecode.c.h; path = SBJsonWriter.h; sourceTree = "<group>"; };
		F9B9B61F150193810002BCDE /* CFNetwork.framework */ = {isa = PBXFileReference; lastKnownFileType = wrapper.framework; name = CFNetwork.framework; path = System/Library/Frameworks/CFNetwork.framework; sourceTree = SDKROOT; };
		F9B9B621150193880002BCDE /* CoreData.framework */ = {isa = PBXFileReference; lastKnownFileType = wrapper.framework; name = CoreData.framework; path = System/Library/Frameworks/CoreData.framework; sourceTree = SDKROOT; };
		F9B9B623150193920002BCDE /* MobileCoreServices.framework */ = {isa = PBXFileReference; lastKnownFileType = wrapper.framework; name = MobileCoreServices.framework; path = System/Library/Frameworks/MobileCoreServices.framework; sourceTree = SDKROOT; };
		F9B9B6251501939A0002BCDE /* Security.framework */ = {isa = PBXFileReference; lastKnownFileType = wrapper.framework; name = Security.framework; path = System/Library/Frameworks/Security.framework; sourceTree = SDKROOT; };
		F9B9B627150193A30002BCDE /* SystemConfiguration.framework */ = {isa = PBXFileReference; lastKnownFileType = wrapper.framework; name = SystemConfiguration.framework; path = System/Library/Frameworks/SystemConfiguration.framework; sourceTree = SDKROOT; };
		F9B9B629150193AC0002BCDE /* QuartzCore.framework */ = {isa = PBXFileReference; lastKnownFileType = wrapper.framework; name = QuartzCore.framework; path = System/Library/Frameworks/QuartzCore.framework; sourceTree = SDKROOT; };
		F9B9B62B150193B60002BCDE /* libxml2.dylib */ = {isa = PBXFileReference; lastKnownFileType = "compiled.mach-o.dylib"; name = libxml2.dylib; path = usr/lib/libxml2.dylib; sourceTree = SDKROOT; };
		F9B9B62D150197420002BCDE /* RestKit.xcodeproj */ = {isa = PBXFileReference; lastKnownFileType = "wrapper.pb-project"; name = RestKit.xcodeproj; path = RestKit/RestKit.xcodeproj; sourceTree = "<group>"; };
		F9B9B6421501A3490002BCDE /* ListEntry.h */ = {isa = PBXFileReference; fileEncoding = 4; lastKnownFileType = sourcecode.c.h; path = ListEntry.h; sourceTree = "<group>"; };
		F9B9B6431501A3490002BCDE /* ListEntry.m */ = {isa = PBXFileReference; fileEncoding = 4; lastKnownFileType = sourcecode.c.objc; path = ListEntry.m; sourceTree = "<group>"; };
/* End PBXFileReference section */

/* Begin PBXFrameworksBuildPhase section */
		3E9472F315008EF900A261DD /* Frameworks */ = {
			isa = PBXFrameworksBuildPhase;
			buildActionMask = 2147483647;
			files = (
				F9B9B641150197F00002BCDE /* libRestKit.a in Frameworks */,
				F9B9B62C150193B60002BCDE /* libxml2.dylib in Frameworks */,
				F9B9B62A150193AC0002BCDE /* QuartzCore.framework in Frameworks */,
				F9B9B628150193A30002BCDE /* SystemConfiguration.framework in Frameworks */,
				F9B9B6261501939A0002BCDE /* Security.framework in Frameworks */,
				F9B9B624150193920002BCDE /* MobileCoreServices.framework in Frameworks */,
				F9B9B622150193880002BCDE /* CoreData.framework in Frameworks */,
				F9B9B620150193810002BCDE /* CFNetwork.framework in Frameworks */,
				3E9472FB15008EF900A261DD /* UIKit.framework in Frameworks */,
				3E9472FD15008EF900A261DD /* Foundation.framework in Frameworks */,
				3E9472FF15008EF900A261DD /* CoreGraphics.framework in Frameworks */,
				3EFDB53015017C6500CC57A8 /* libfacebook_ios_sdk.a in Frameworks */,
			);
			runOnlyForDeploymentPostprocessing = 0;
		};
/* End PBXFrameworksBuildPhase section */

/* Begin PBXGroup section */
		3E9472EB15008EF900A261DD = {
			isa = PBXGroup;
			children = (
				3EFDB51F15017C6500CC57A8 /* facebook-ios-sdk */,
				F9B9B62D150197420002BCDE /* RestKit.xcodeproj */,
				3E94730015008EF900A261DD /* Piggyback */,
				3E9472F915008EF900A261DD /* Frameworks */,
				3E9472F715008EF900A261DD /* Products */,
			);
			sourceTree = "<group>";
		};
		3E9472F715008EF900A261DD /* Products */ = {
			isa = PBXGroup;
			children = (
				3E9472F615008EF900A261DD /* Piggyback.app */,
			);
			name = Products;
			sourceTree = "<group>";
		};
		3E9472F915008EF900A261DD /* Frameworks */ = {
			isa = PBXGroup;
			children = (
				F9B9B62B150193B60002BCDE /* libxml2.dylib */,
				F9B9B629150193AC0002BCDE /* QuartzCore.framework */,
				F9B9B627150193A30002BCDE /* SystemConfiguration.framework */,
				F9B9B6251501939A0002BCDE /* Security.framework */,
				F9B9B623150193920002BCDE /* MobileCoreServices.framework */,
				F9B9B621150193880002BCDE /* CoreData.framework */,
				F9B9B61F150193810002BCDE /* CFNetwork.framework */,
				3E9472FA15008EF900A261DD /* UIKit.framework */,
				3E9472FC15008EF900A261DD /* Foundation.framework */,
				3E9472FE15008EF900A261DD /* CoreGraphics.framework */,
			);
			name = Frameworks;
			sourceTree = "<group>";
		};
		3E94730015008EF900A261DD /* Piggyback */ = {
			isa = PBXGroup;
			children = (
				3E94730915008EF900A261DD /* PiggybackAppDelegate.h */,
				3E94730A15008EF900A261DD /* PiggybackAppDelegate.m */,
				F9B9B6421501A3490002BCDE /* ListEntry.h */,
				F9B9B6431501A3490002BCDE /* ListEntry.m */,
				3E94730C15008EF900A261DD /* MainStoryboard_iPhone.storyboard */,
				3E94730F15008EF900A261DD /* MainStoryboard_iPad.storyboard */,
				3E94731215008EF900A261DD /* LoginViewController.h */,
				3E94731315008EF900A261DD /* LoginViewController.m */,
				3EFDB51C1501793200CC57A8 /* Resources */,
				3E94730115008EF900A261DD /* Supporting Files */,
			);
			path = Piggyback;
			sourceTree = "<group>";
		};
		3E94730115008EF900A261DD /* Supporting Files */ = {
			isa = PBXGroup;
			children = (
				3E94730215008EF900A261DD /* Piggyback-Info.plist */,
				3E94730315008EF900A261DD /* InfoPlist.strings */,
				3E94730615008EF900A261DD /* main.m */,
				3E94730815008EF900A261DD /* Piggyback-Prefix.pch */,
			);
			name = "Supporting Files";
			sourceTree = "<group>";
		};
		3EFDB51C1501793200CC57A8 /* Resources */ = {
			isa = PBXGroup;
			children = (
				3E7429361505956A005A272C /* LoginWithFacebookNormal.png */,
				3EFDB51D1501795800CC57A8 /* piggyback_login.png */,
			);
			name = Resources;
			sourceTree = "<group>";
		};
		3EFDB51F15017C6500CC57A8 /* facebook-ios-sdk */ = {
			isa = PBXGroup;
			children = (
				3EFDB52015017C6500CC57A8 /* Facebook.h */,
				3EB2D042150580600028E664 /* FBConnect.bundle */,
				3EFDB52115017C6500CC57A8 /* FBConnect.h */,
				3EFDB52215017C6500CC57A8 /* FBDialog.bundle */,
				3EFDB52315017C6500CC57A8 /* FBDialog.h */,
				3EFDB52415017C6500CC57A8 /* FBFrictionlessRequestSettings.h */,
				3EFDB52515017C6500CC57A8 /* FBLoginDialog.h */,
				3EFDB52615017C6500CC57A8 /* FBRequest.h */,
				3EFDB52715017C6500CC57A8 /* JSON.h */,
				3EFDB52815017C6500CC57A8 /* libfacebook_ios_sdk.a */,
				3EFDB52915017C6500CC57A8 /* NSObject+SBJSON.h */,
				3EFDB52A15017C6500CC57A8 /* NSString+SBJSON.h */,
				3EFDB52B15017C6500CC57A8 /* SBJSON.h */,
				3EFDB52C15017C6500CC57A8 /* SBJsonBase.h */,
				3EFDB52D15017C6500CC57A8 /* SBJsonParser.h */,
				3EFDB52E15017C6500CC57A8 /* SBJsonWriter.h */,
			);
			path = "facebook-ios-sdk";
			sourceTree = "<group>";
		};
		F9B9B62E150197420002BCDE /* Products */ = {
			isa = PBXGroup;
			children = (
				F9B9B638150197420002BCDE /* libRestKit.a */,
				F9B9B63A150197420002BCDE /* RestKitTests.octest */,
				F9B9B63C150197420002BCDE /* RestKit.framework */,
				F9B9B63E150197420002BCDE /* RestKitFrameworkTests.octest */,
			);
			name = Products;
			sourceTree = "<group>";
		};
/* End PBXGroup section */

/* Begin PBXNativeTarget section */
		3E9472F515008EF900A261DD /* Piggyback */ = {
			isa = PBXNativeTarget;
			buildConfigurationList = 3E94731715008EF900A261DD /* Build configuration list for PBXNativeTarget "Piggyback" */;
			buildPhases = (
				3E9472F215008EF900A261DD /* Sources */,
				3E9472F315008EF900A261DD /* Frameworks */,
				3E9472F415008EF900A261DD /* Resources */,
			);
			buildRules = (
			);
			dependencies = (
				F9B9B640150197D00002BCDE /* PBXTargetDependency */,
			);
			name = Piggyback;
			productName = Piggyback;
			productReference = 3E9472F615008EF900A261DD /* Piggyback.app */;
			productType = "com.apple.product-type.application";
		};
/* End PBXNativeTarget section */

/* Begin PBXProject section */
		3E9472ED15008EF900A261DD /* Project object */ = {
			isa = PBXProject;
			attributes = {
				LastUpgradeCheck = 0420;
				ORGANIZATIONNAME = Calimucho;
			};
			buildConfigurationList = 3E9472F015008EF900A261DD /* Build configuration list for PBXProject "Piggyback" */;
			compatibilityVersion = "Xcode 3.2";
			developmentRegion = English;
			hasScannedForEncodings = 0;
			knownRegions = (
				en,
			);
			mainGroup = 3E9472EB15008EF900A261DD;
			productRefGroup = 3E9472F715008EF900A261DD /* Products */;
			projectDirPath = "";
			projectReferences = (
				{
					ProductGroup = F9B9B62E150197420002BCDE /* Products */;
					ProjectRef = F9B9B62D150197420002BCDE /* RestKit.xcodeproj */;
				},
			);
			projectRoot = "";
			targets = (
				3E9472F515008EF900A261DD /* Piggyback */,
			);
		};
/* End PBXProject section */

/* Begin PBXReferenceProxy section */
		F9B9B638150197420002BCDE /* libRestKit.a */ = {
			isa = PBXReferenceProxy;
			fileType = archive.ar;
			path = libRestKit.a;
			remoteRef = F9B9B637150197420002BCDE /* PBXContainerItemProxy */;
			sourceTree = BUILT_PRODUCTS_DIR;
		};
		F9B9B63A150197420002BCDE /* RestKitTests.octest */ = {
			isa = PBXReferenceProxy;
			fileType = wrapper.cfbundle;
			path = RestKitTests.octest;
			remoteRef = F9B9B639150197420002BCDE /* PBXContainerItemProxy */;
			sourceTree = BUILT_PRODUCTS_DIR;
		};
		F9B9B63C150197420002BCDE /* RestKit.framework */ = {
			isa = PBXReferenceProxy;
			fileType = wrapper.framework;
			path = RestKit.framework;
			remoteRef = F9B9B63B150197420002BCDE /* PBXContainerItemProxy */;
			sourceTree = BUILT_PRODUCTS_DIR;
		};
		F9B9B63E150197420002BCDE /* RestKitFrameworkTests.octest */ = {
			isa = PBXReferenceProxy;
			fileType = wrapper.cfbundle;
			path = RestKitFrameworkTests.octest;
			remoteRef = F9B9B63D150197420002BCDE /* PBXContainerItemProxy */;
			sourceTree = BUILT_PRODUCTS_DIR;
		};
/* End PBXReferenceProxy section */

/* Begin PBXResourcesBuildPhase section */
		3E9472F415008EF900A261DD /* Resources */ = {
			isa = PBXResourcesBuildPhase;
			buildActionMask = 2147483647;
			files = (
				3E94730515008EF900A261DD /* InfoPlist.strings in Resources */,
				3E94730E15008EF900A261DD /* MainStoryboard_iPhone.storyboard in Resources */,
				3E94731115008EF900A261DD /* MainStoryboard_iPad.storyboard in Resources */,
				3EFDB51E1501795800CC57A8 /* piggyback_login.png in Resources */,
				3EFDB52F15017C6500CC57A8 /* FBDialog.bundle in Resources */,
				3EB2D043150580600028E664 /* FBConnect.bundle in Resources */,
				3E7429371505956A005A272C /* LoginWithFacebookNormal.png in Resources */,
			);
			runOnlyForDeploymentPostprocessing = 0;
		};
/* End PBXResourcesBuildPhase section */

/* Begin PBXSourcesBuildPhase section */
		3E9472F215008EF900A261DD /* Sources */ = {
			isa = PBXSourcesBuildPhase;
			buildActionMask = 2147483647;
			files = (
				3E94730715008EF900A261DD /* main.m in Sources */,
				3E94730B15008EF900A261DD /* PiggybackAppDelegate.m in Sources */,
				3E94731415008EF900A261DD /* LoginViewController.m in Sources */,
				F9B9B6441501A3490002BCDE /* ListEntry.m in Sources */,
			);
			runOnlyForDeploymentPostprocessing = 0;
		};
/* End PBXSourcesBuildPhase section */

/* Begin PBXTargetDependency section */
		F9B9B640150197D00002BCDE /* PBXTargetDependency */ = {
			isa = PBXTargetDependency;
			name = RestKit;
			targetProxy = F9B9B63F150197D00002BCDE /* PBXContainerItemProxy */;
		};
/* End PBXTargetDependency section */

/* Begin PBXVariantGroup section */
		3E94730315008EF900A261DD /* InfoPlist.strings */ = {
			isa = PBXVariantGroup;
			children = (
				3E94730415008EF900A261DD /* en */,
			);
			name = InfoPlist.strings;
			sourceTree = "<group>";
		};
		3E94730C15008EF900A261DD /* MainStoryboard_iPhone.storyboard */ = {
			isa = PBXVariantGroup;
			children = (
				3E94730D15008EF900A261DD /* en */,
			);
			name = MainStoryboard_iPhone.storyboard;
			sourceTree = "<group>";
		};
		3E94730F15008EF900A261DD /* MainStoryboard_iPad.storyboard */ = {
			isa = PBXVariantGroup;
			children = (
				3E94731015008EF900A261DD /* en */,
			);
			name = MainStoryboard_iPad.storyboard;
			sourceTree = "<group>";
		};
/* End PBXVariantGroup section */

/* Begin XCBuildConfiguration section */
		3E94731515008EF900A261DD /* Debug */ = {
			isa = XCBuildConfiguration;
			buildSettings = {
				ALWAYS_SEARCH_USER_PATHS = NO;
				ARCHS = "$(ARCHS_STANDARD_32_BIT)";
				CLANG_ENABLE_OBJC_ARC = YES;
				"CODE_SIGN_IDENTITY[sdk=iphoneos*]" = "iPhone Developer";
				COPY_PHASE_STRIP = NO;
				GCC_C_LANGUAGE_STANDARD = gnu99;
				GCC_DYNAMIC_NO_PIC = NO;
				GCC_OPTIMIZATION_LEVEL = 0;
				GCC_PREPROCESSOR_DEFINITIONS = (
					"DEBUG=1",
					"$(inherited)",
				);
				GCC_SYMBOLS_PRIVATE_EXTERN = NO;
				GCC_VERSION = com.apple.compilers.llvm.clang.1_0;
				GCC_WARN_ABOUT_MISSING_PROTOTYPES = YES;
				GCC_WARN_ABOUT_RETURN_TYPE = YES;
				GCC_WARN_UNUSED_VARIABLE = YES;
				IPHONEOS_DEPLOYMENT_TARGET = 5.0;
				SDKROOT = iphoneos;
				TARGETED_DEVICE_FAMILY = "1,2";
			};
			name = Debug;
		};
		3E94731615008EF900A261DD /* Release */ = {
			isa = XCBuildConfiguration;
			buildSettings = {
				ALWAYS_SEARCH_USER_PATHS = NO;
				ARCHS = "$(ARCHS_STANDARD_32_BIT)";
				CLANG_ENABLE_OBJC_ARC = YES;
				"CODE_SIGN_IDENTITY[sdk=iphoneos*]" = "iPhone Developer";
				COPY_PHASE_STRIP = YES;
				GCC_C_LANGUAGE_STANDARD = gnu99;
				GCC_VERSION = com.apple.compilers.llvm.clang.1_0;
				GCC_WARN_ABOUT_MISSING_PROTOTYPES = YES;
				GCC_WARN_ABOUT_RETURN_TYPE = YES;
				GCC_WARN_UNUSED_VARIABLE = YES;
				IPHONEOS_DEPLOYMENT_TARGET = 5.0;
				OTHER_CFLAGS = "-DNS_BLOCK_ASSERTIONS=1";
				SDKROOT = iphoneos;
				TARGETED_DEVICE_FAMILY = "1,2";
				VALIDATE_PRODUCT = YES;
			};
			name = Release;
		};
		3E94731815008EF900A261DD /* Debug */ = {
			isa = XCBuildConfiguration;
			buildSettings = {
				GCC_PRECOMPILE_PREFIX_HEADER = YES;
				GCC_PREFIX_HEADER = "Piggyback/Piggyback-Prefix.pch";
				HEADER_SEARCH_PATHS = "\"$(SOURCE_ROOT)/RestKit/Build\"";
				INFOPLIST_FILE = "Piggyback/Piggyback-Info.plist";
				IPHONEOS_DEPLOYMENT_TARGET = 5.0;
				OTHER_LDFLAGS = (
					"-ObjC",
					"-all_load",
				);
				PRODUCT_NAME = "$(TARGET_NAME)";
				TARGETED_DEVICE_FAMILY = 1;
				WRAPPER_EXTENSION = app;
			};
			name = Debug;
		};
		3E94731915008EF900A261DD /* Release */ = {
			isa = XCBuildConfiguration;
			buildSettings = {
				GCC_PRECOMPILE_PREFIX_HEADER = YES;
				GCC_PREFIX_HEADER = "Piggyback/Piggyback-Prefix.pch";
				HEADER_SEARCH_PATHS = "\"$(SOURCE_ROOT)/RestKit/Build\"";
				INFOPLIST_FILE = "Piggyback/Piggyback-Info.plist";
				IPHONEOS_DEPLOYMENT_TARGET = 5.0;
				OTHER_LDFLAGS = (
					"-ObjC",
					"-all_load",
				);
				PRODUCT_NAME = "$(TARGET_NAME)";
				TARGETED_DEVICE_FAMILY = 1;
				WRAPPER_EXTENSION = app;
			};
			name = Release;
		};
/* End XCBuildConfiguration section */

/* Begin XCConfigurationList section */
		3E9472F015008EF900A261DD /* Build configuration list for PBXProject "Piggyback" */ = {
			isa = XCConfigurationList;
			buildConfigurations = (
				3E94731515008EF900A261DD /* Debug */,
				3E94731615008EF900A261DD /* Release */,
			);
			defaultConfigurationIsVisible = 0;
			defaultConfigurationName = Release;
		};
		3E94731715008EF900A261DD /* Build configuration list for PBXNativeTarget "Piggyback" */ = {
			isa = XCConfigurationList;
			buildConfigurations = (
				3E94731815008EF900A261DD /* Debug */,
				3E94731915008EF900A261DD /* Release */,
			);
			defaultConfigurationIsVisible = 0;
			defaultConfigurationName = Release;
		};
/* End XCConfigurationList section */
	};
	rootObject = 3E9472ED15008EF900A261DD /* Project object */;
}
