// !$*UTF8*$!
{
	archiveVersion = 1;
	classes = {
	};
	objectVersion = 46;
	objects = {

/* Begin PBXBuildFile section */
		3E1E88DC153F8DC70048219C /* MBProgressHUD.m in Sources */ = {isa = PBXBuildFile; fileRef = 3E1E88DB153F8DC70048219C /* MBProgressHUD.m */; };
		3E1E8903154101770048219C /* FBDialog.bundle in Resources */ = {isa = PBXBuildFile; fileRef = 3E1E88F6154101770048219C /* FBDialog.bundle */; };
		3E1E8904154101770048219C /* libfacebook_ios_sdk.a in Frameworks */ = {isa = PBXBuildFile; fileRef = 3E1E88FC154101770048219C /* libfacebook_ios_sdk.a */; };
		3E21FC2B156B320900A9A088 /* CreateNewListViewController.m in Sources */ = {isa = PBXBuildFile; fileRef = 3E21FC2A156B320900A9A088 /* CreateNewListViewController.m */; };
		3E36D560152331F0001C9070 /* EGORefreshTableHeaderView.m in Sources */ = {isa = PBXBuildFile; fileRef = 3E36D55F152331F0001C9070 /* EGORefreshTableHeaderView.m */; };
		3E3BDF3D150D9FD200C1C81C /* PBListEntry.m in Sources */ = {isa = PBXBuildFile; fileRef = 3E3BDF3C150D9FD200C1C81C /* PBListEntry.m */; };
		3E4727B6156C475E005EF3DA /* AddToListViewController.m in Sources */ = {isa = PBXBuildFile; fileRef = 3E4727B5156C475E005EF3DA /* AddToListViewController.m */; };
		3E47337D1519A78200083B53 /* blue_square@2x.png in Resources */ = {isa = PBXBuildFile; fileRef = 3E47337C1519A78200083B53 /* blue_square@2x.png */; };
		3E47FED6152C16BD00421FFE /* no_photo.png in Resources */ = {isa = PBXBuildFile; fileRef = 3E47FED5152C16BD00421FFE /* no_photo.png */; };
		3E5400E41519677E0078CFC2 /* geolocation_icon.png in Resources */ = {isa = PBXBuildFile; fileRef = 3E5400E31519677E0078CFC2 /* geolocation_icon.png */; };
		3E5400E6151967B80078CFC2 /* phone_icon.png in Resources */ = {isa = PBXBuildFile; fileRef = 3E5400E5151967B80078CFC2 /* phone_icon.png */; };
		3E587E871519614400C7E3EF /* inbox_tabbar_icon.png in Resources */ = {isa = PBXBuildFile; fileRef = 3E587E851519614400C7E3EF /* inbox_tabbar_icon.png */; };
		3E587E881519614400C7E3EF /* inbox_tabbar_icon@2x.png in Resources */ = {isa = PBXBuildFile; fileRef = 3E587E861519614400C7E3EF /* inbox_tabbar_icon@2x.png */; };
		3E734B721508C24C003FD9CB /* PBUser.m in Sources */ = {isa = PBXBuildFile; fileRef = 3E734B711508C24C003FD9CB /* PBUser.m */; };
		3E734B751508F4AA003FD9CB /* ListsTableViewController.m in Sources */ = {isa = PBXBuildFile; fileRef = 3E734B741508F4AA003FD9CB /* ListsTableViewController.m */; };
		3E734B781508F983003FD9CB /* PBList.m in Sources */ = {isa = PBXBuildFile; fileRef = 3E734B771508F983003FD9CB /* PBList.m */; };
		3E9472FB15008EF900A261DD /* UIKit.framework in Frameworks */ = {isa = PBXBuildFile; fileRef = 3E9472FA15008EF900A261DD /* UIKit.framework */; };
		3E9472FD15008EF900A261DD /* Foundation.framework in Frameworks */ = {isa = PBXBuildFile; fileRef = 3E9472FC15008EF900A261DD /* Foundation.framework */; };
		3E9472FF15008EF900A261DD /* CoreGraphics.framework in Frameworks */ = {isa = PBXBuildFile; fileRef = 3E9472FE15008EF900A261DD /* CoreGraphics.framework */; };
		3E94730515008EF900A261DD /* InfoPlist.strings in Resources */ = {isa = PBXBuildFile; fileRef = 3E94730315008EF900A261DD /* InfoPlist.strings */; };
		3E94730715008EF900A261DD /* main.m in Sources */ = {isa = PBXBuildFile; fileRef = 3E94730615008EF900A261DD /* main.m */; };
		3E94730B15008EF900A261DD /* PiggybackAppDelegate.m in Sources */ = {isa = PBXBuildFile; fileRef = 3E94730A15008EF900A261DD /* PiggybackAppDelegate.m */; };
		3E94730E15008EF900A261DD /* MainStoryboard_iPhone.storyboard in Resources */ = {isa = PBXBuildFile; fileRef = 3E94730C15008EF900A261DD /* MainStoryboard_iPhone.storyboard */; };
		3E94731415008EF900A261DD /* LoginViewController.m in Sources */ = {isa = PBXBuildFile; fileRef = 3E94731315008EF900A261DD /* LoginViewController.m */; };
		3E9795C9150EAFDF00E0E662 /* IndividualListViewController.m in Sources */ = {isa = PBXBuildFile; fileRef = 3E9795C8150EAFDF00E0E662 /* IndividualListViewController.m */; };
		3EAC2AF5152157FF00B69392 /* login_bg@2x.png in Resources */ = {isa = PBXBuildFile; fileRef = 3EAC2AF3152157FF00B69392 /* login_bg@2x.png */; };
		3EAC2AF6152157FF00B69392 /* login_bg.png in Resources */ = {isa = PBXBuildFile; fileRef = 3EAC2AF4152157FF00B69392 /* login_bg.png */; };
		3EB2BB8C15183BDD0034820F /* list_tabbar_icon@2x.png in Resources */ = {isa = PBXBuildFile; fileRef = 3EB2BB8B15183BDC0034820F /* list_tabbar_icon@2x.png */; };
		3EB2BB9015183C5B0034820F /* list_tabbar_icon.png in Resources */ = {isa = PBXBuildFile; fileRef = 3EB2BB8E15183C5B0034820F /* list_tabbar_icon.png */; };
		3EB2BB991518964F0034820F /* PiggybackNavigationController.m in Sources */ = {isa = PBXBuildFile; fileRef = 3EB2BB981518964F0034820F /* PiggybackNavigationController.m */; };
		3EB580381519608900EA329C /* geolocation_icon@2x.png in Resources */ = {isa = PBXBuildFile; fileRef = 3EB580371519608800EA329C /* geolocation_icon@2x.png */; };
		3EB5803A1519609200EA329C /* phone_icon@2x.png in Resources */ = {isa = PBXBuildFile; fileRef = 3EB580391519609200EA329C /* phone_icon@2x.png */; };
		3EB5B3C7151953E10009980F /* piggyback_titlebar.png in Resources */ = {isa = PBXBuildFile; fileRef = 3EB5B3C5151953E10009980F /* piggyback_titlebar.png */; };
		3EB5B3C8151953E10009980F /* piggyback_titlebar@2x.png in Resources */ = {isa = PBXBuildFile; fileRef = 3EB5B3C6151953E10009980F /* piggyback_titlebar@2x.png */; };
		3EB5B3CB1519541F0009980F /* piggyback_titlebar_background.png in Resources */ = {isa = PBXBuildFile; fileRef = 3EB5B3C91519541F0009980F /* piggyback_titlebar_background.png */; };
		3EB5B3CC1519541F0009980F /* piggyback_titlebar_background@2x.png in Resources */ = {isa = PBXBuildFile; fileRef = 3EB5B3CA1519541F0009980F /* piggyback_titlebar_background@2x.png */; };
		3EBA711C1514B7810043A4F9 /* ListEntryTableViewCell.m in Sources */ = {isa = PBXBuildFile; fileRef = 3EBA711B1514B7810043A4F9 /* ListEntryTableViewCell.m */; };
		3EBD2CF2150A0C9800715DD0 /* PiggybackTabBarController.m in Sources */ = {isa = PBXBuildFile; fileRef = 3EBD2CF1150A0C9800715DD0 /* PiggybackTabBarController.m */; };
		3EC3CDDE1564840900B1C753 /* LoginWithFacebookNormal.png in Resources */ = {isa = PBXBuildFile; fileRef = 3EC3CDDC1564840900B1C753 /* LoginWithFacebookNormal.png */; };
		3EC3CDDF1564840900B1C753 /* LoginWithFacebookNormal@2x.png in Resources */ = {isa = PBXBuildFile; fileRef = 3EC3CDDD1564840900B1C753 /* LoginWithFacebookNormal@2x.png */; };
		3ED78A1C1522E92E00FE5C69 /* Piggyback.xcdatamodeld in Sources */ = {isa = PBXBuildFile; fileRef = 3ED78A1A1522E92E00FE5C69 /* Piggyback.xcdatamodeld */; };
		3ED78A381523277700FE5C69 /* blackArrow.png in Resources */ = {isa = PBXBuildFile; fileRef = 3ED78A301523277600FE5C69 /* blackArrow.png */; };
		3ED78A391523277700FE5C69 /* blackArrow@2x.png in Resources */ = {isa = PBXBuildFile; fileRef = 3ED78A311523277600FE5C69 /* blackArrow@2x.png */; };
		3ED78A3A1523277700FE5C69 /* blueArrow.png in Resources */ = {isa = PBXBuildFile; fileRef = 3ED78A321523277700FE5C69 /* blueArrow.png */; };
		3ED78A3B1523277700FE5C69 /* blueArrow@2x.png in Resources */ = {isa = PBXBuildFile; fileRef = 3ED78A331523277700FE5C69 /* blueArrow@2x.png */; };
		3ED78A3C1523277700FE5C69 /* grayArrow.png in Resources */ = {isa = PBXBuildFile; fileRef = 3ED78A341523277700FE5C69 /* grayArrow.png */; };
		3ED78A3D1523277700FE5C69 /* grayArrow@2x.png in Resources */ = {isa = PBXBuildFile; fileRef = 3ED78A351523277700FE5C69 /* grayArrow@2x.png */; };
		3ED78A3E1523277700FE5C69 /* whiteArrow.png in Resources */ = {isa = PBXBuildFile; fileRef = 3ED78A361523277700FE5C69 /* whiteArrow.png */; };
		3ED78A3F1523277700FE5C69 /* whiteArrow@2x.png in Resources */ = {isa = PBXBuildFile; fileRef = 3ED78A371523277700FE5C69 /* whiteArrow@2x.png */; };
		4F4DACB2151AD58200E6E65C /* Icon.png in Resources */ = {isa = PBXBuildFile; fileRef = 4F4DACB0151AD58200E6E65C /* Icon.png */; };
		4F4DACB3151AD58200E6E65C /* Icon@2x.png in Resources */ = {isa = PBXBuildFile; fileRef = 4F4DACB1151AD58200E6E65C /* Icon@2x.png */; };
		F90340961546A76E00F51F8B /* searchMagGlass.png in Resources */ = {isa = PBXBuildFile; fileRef = F90340941546A76E00F51F8B /* searchMagGlass.png */; };
		F90340971546A76E00F51F8B /* searchMagGlass@2x.png in Resources */ = {isa = PBXBuildFile; fileRef = F90340951546A76E00F51F8B /* searchMagGlass@2x.png */; };
		F936AB7F1508F12F0019F191 /* PBVendorReferralComment.m in Sources */ = {isa = PBXBuildFile; fileRef = F936AB7E1508F12F0019F191 /* PBVendorReferralComment.m */; };
		F936AB82150A2B800019F191 /* ReferralCommentTableCell.m in Sources */ = {isa = PBXBuildFile; fileRef = F936AB81150A2B7F0019F191 /* ReferralCommentTableCell.m */; };
		F936AB85150A5AC70019F191 /* Constants.m in Sources */ = {isa = PBXBuildFile; fileRef = F936AB84150A5AC60019F191 /* Constants.m */; };
		F95B4DE2156DFDBE00EC576C /* submit-button-pressed.png in Resources */ = {isa = PBXBuildFile; fileRef = F95B4DDE156DFDBE00EC576C /* submit-button-pressed.png */; };
		F95B4DE3156DFDBE00EC576C /* submit-button-pressed@2x.png in Resources */ = {isa = PBXBuildFile; fileRef = F95B4DDF156DFDBE00EC576C /* submit-button-pressed@2x.png */; };
		F95B4DE4156DFDBE00EC576C /* submit-button.png in Resources */ = {isa = PBXBuildFile; fileRef = F95B4DE0156DFDBE00EC576C /* submit-button.png */; };
		F95B4DE5156DFDBE00EC576C /* submit-button@2x.png in Resources */ = {isa = PBXBuildFile; fileRef = F95B4DE1156DFDBE00EC576C /* submit-button@2x.png */; };
		F95B4DE8156E3CA400EC576C /* ReferToFriendsViewController.m in Sources */ = {isa = PBXBuildFile; fileRef = F95B4DE7156E3CA400EC576C /* ReferToFriendsViewController.m */; };
		F95B4DEB156E4B4700EC576C /* ReferToFriendsCell.m in Sources */ = {isa = PBXBuildFile; fileRef = F95B4DEA156E4B4700EC576C /* ReferToFriendsCell.m */; };
		F95B4DEE156F0F1E00EC576C /* PBReferral.m in Sources */ = {isa = PBXBuildFile; fileRef = F95B4DED156F0F1E00EC576C /* PBReferral.m */; };
		F95F45E5157569AB007997EE /* add-to-list-button-normal.png in Resources */ = {isa = PBXBuildFile; fileRef = F95F45E1157569AB007997EE /* add-to-list-button-normal.png */; };
		F95F45E6157569AB007997EE /* add-to-list-button-normal@2x.png in Resources */ = {isa = PBXBuildFile; fileRef = F95F45E2157569AB007997EE /* add-to-list-button-normal@2x.png */; };
		F95F45E7157569AB007997EE /* add-to-list-button-pressed.png in Resources */ = {isa = PBXBuildFile; fileRef = F95F45E3157569AB007997EE /* add-to-list-button-pressed.png */; };
		F95F45E8157569AB007997EE /* add-to-list-button-pressed@2x.png in Resources */ = {isa = PBXBuildFile; fileRef = F95F45E4157569AB007997EE /* add-to-list-button-pressed@2x.png */; };
		F9645D9015121F4D00A6B0F7 /* CoreLocation.framework in Frameworks */ = {isa = PBXBuildFile; fileRef = F956DE521511E58D00187A27 /* CoreLocation.framework */; };
		F9645D9315121FD100A6B0F7 /* LocationController.m in Sources */ = {isa = PBXBuildFile; fileRef = F9645D9215121FD100A6B0F7 /* LocationController.m */; };
		F985B431150F5097002791B2 /* PBInboxItem.m in Sources */ = {isa = PBXBuildFile; fileRef = F985B430150F5097002791B2 /* PBInboxItem.m */; };
		F985B437150FE9D0002791B2 /* InboxTableViewController.m in Sources */ = {isa = PBXBuildFile; fileRef = F985B436150FE9D0002791B2 /* InboxTableViewController.m */; };
		F985B43A151010F2002791B2 /* InboxTableCell.m in Sources */ = {isa = PBXBuildFile; fileRef = F985B439151010F2002791B2 /* InboxTableCell.m */; };
		F98F4A5B1558F29B001777D4 /* PBVendorPhoto.m in Sources */ = {isa = PBXBuildFile; fileRef = F98F4A5A1558F29B001777D4 /* PBVendorPhoto.m */; };
		F99C2C8B156CF3C900C8E65B /* foursquare-logo.png in Resources */ = {isa = PBXBuildFile; fileRef = F99C2C8A156CF3C900C8E65B /* foursquare-logo.png */; };
		F9B74038151934E9005D125B /* VendorInfoTableCell.m in Sources */ = {isa = PBXBuildFile; fileRef = F9B74037151934E9005D125B /* VendorInfoTableCell.m */; };
		F9B9B620150193810002BCDE /* CFNetwork.framework in Frameworks */ = {isa = PBXBuildFile; fileRef = F9B9B61F150193810002BCDE /* CFNetwork.framework */; };
		F9B9B622150193880002BCDE /* CoreData.framework in Frameworks */ = {isa = PBXBuildFile; fileRef = F9B9B621150193880002BCDE /* CoreData.framework */; };
		F9B9B624150193920002BCDE /* MobileCoreServices.framework in Frameworks */ = {isa = PBXBuildFile; fileRef = F9B9B623150193920002BCDE /* MobileCoreServices.framework */; };
		F9B9B6261501939A0002BCDE /* Security.framework in Frameworks */ = {isa = PBXBuildFile; fileRef = F9B9B6251501939A0002BCDE /* Security.framework */; };
		F9B9B628150193A30002BCDE /* SystemConfiguration.framework in Frameworks */ = {isa = PBXBuildFile; fileRef = F9B9B627150193A30002BCDE /* SystemConfiguration.framework */; };
		F9B9B62A150193AC0002BCDE /* QuartzCore.framework in Frameworks */ = {isa = PBXBuildFile; fileRef = F9B9B629150193AC0002BCDE /* QuartzCore.framework */; };
		F9B9B62C150193B60002BCDE /* libxml2.dylib in Frameworks */ = {isa = PBXBuildFile; fileRef = F9B9B62B150193B60002BCDE /* libxml2.dylib */; };
		F9BDEEAC153F5DD50030363B /* SearchViewController.m in Sources */ = {isa = PBXBuildFile; fileRef = F9BDEEAB153F5DD50030363B /* SearchViewController.m */; };
		F9BDEEB0153F926F0030363B /* search magnifying glass 22x31 v2.png in Resources */ = {isa = PBXBuildFile; fileRef = F9BDEEAF153F926F0030363B /* search magnifying glass 22x31 v2.png */; };
		F9BDEEB3153FD3750030363B /* SearchTableViewCell.m in Sources */ = {isa = PBXBuildFile; fileRef = F9BDEEB2153FD3750030363B /* SearchTableViewCell.m */; };
		F9D0BDBB1508B76000D963B7 /* PBVendor.m in Sources */ = {isa = PBXBuildFile; fileRef = F9D0BDBA1508B76000D963B7 /* PBVendor.m */; };
		F9D0BDBE1508BC9000D963B7 /* VendorViewController.m in Sources */ = {isa = PBXBuildFile; fileRef = F9D0BDBD1508BC8F00D963B7 /* VendorViewController.m */; };
		F9FF0D0C15758EC000F25611 /* libRestKit.a in Frameworks */ = {isa = PBXBuildFile; fileRef = 3E8F54181574C76000E8A354 /* libRestKit.a */; };
/* End PBXBuildFile section */

/* Begin PBXContainerItemProxy section */
		3E8F54171574C76000E8A354 /* PBXContainerItemProxy */ = {
			isa = PBXContainerItemProxy;
			containerPortal = 3E8F540D1574C76000E8A354 /* RestKit.xcodeproj */;
			proxyType = 2;
			remoteGlobalIDString = 25160D1614564E810060A5C5;
			remoteInfo = RestKit;
		};
		3E8F54191574C76000E8A354 /* PBXContainerItemProxy */ = {
			isa = PBXContainerItemProxy;
			containerPortal = 3E8F540D1574C76000E8A354 /* RestKit.xcodeproj */;
			proxyType = 2;
			remoteGlobalIDString = 25160D2614564E820060A5C5;
			remoteInfo = RestKitTests;
		};
		3E8F541B1574C76000E8A354 /* PBXContainerItemProxy */ = {
			isa = PBXContainerItemProxy;
			containerPortal = 3E8F540D1574C76000E8A354 /* RestKit.xcodeproj */;
			proxyType = 2;
			remoteGlobalIDString = 25160E62145651060060A5C5;
			remoteInfo = RestKitFramework;
		};
		3E8F541D1574C76000E8A354 /* PBXContainerItemProxy */ = {
			isa = PBXContainerItemProxy;
			containerPortal = 3E8F540D1574C76000E8A354 /* RestKit.xcodeproj */;
			proxyType = 2;
			remoteGlobalIDString = 25160E78145651060060A5C5;
			remoteInfo = RestKitFrameworkTests;
		};
		3E8F54201574CAA500E8A354 /* PBXContainerItemProxy */ = {
			isa = PBXContainerItemProxy;
			containerPortal = 3E8F540D1574C76000E8A354 /* RestKit.xcodeproj */;
			proxyType = 1;
			remoteGlobalIDString = 25160D1514564E810060A5C5;
			remoteInfo = RestKit;
		};
/* End PBXContainerItemProxy section */

/* Begin PBXFileReference section */
		3E1E88DA153F8DC70048219C /* MBProgressHUD.h */ = {isa = PBXFileReference; fileEncoding = 4; lastKnownFileType = sourcecode.c.h; path = MBProgressHUD.h; sourceTree = "<group>"; };
		3E1E88DB153F8DC70048219C /* MBProgressHUD.m */ = {isa = PBXFileReference; fileEncoding = 4; lastKnownFileType = sourcecode.c.objc; path = MBProgressHUD.m; sourceTree = "<group>"; };
		3E1E88F4154101770048219C /* Facebook.h */ = {isa = PBXFileReference; fileEncoding = 4; lastKnownFileType = sourcecode.c.h; path = Facebook.h; sourceTree = "<group>"; };
		3E1E88F5154101770048219C /* FBConnect.h */ = {isa = PBXFileReference; fileEncoding = 4; lastKnownFileType = sourcecode.c.h; path = FBConnect.h; sourceTree = "<group>"; };
		3E1E88F6154101770048219C /* FBDialog.bundle */ = {isa = PBXFileReference; lastKnownFileType = "wrapper.plug-in"; path = FBDialog.bundle; sourceTree = "<group>"; };
		3E1E88F7154101770048219C /* FBDialog.h */ = {isa = PBXFileReference; fileEncoding = 4; lastKnownFileType = sourcecode.c.h; path = FBDialog.h; sourceTree = "<group>"; };
		3E1E88F8154101770048219C /* FBFrictionlessRequestSettings.h */ = {isa = PBXFileReference; fileEncoding = 4; lastKnownFileType = sourcecode.c.h; path = FBFrictionlessRequestSettings.h; sourceTree = "<group>"; };
		3E1E88F9154101770048219C /* FBLoginDialog.h */ = {isa = PBXFileReference; fileEncoding = 4; lastKnownFileType = sourcecode.c.h; path = FBLoginDialog.h; sourceTree = "<group>"; };
		3E1E88FA154101770048219C /* FBRequest.h */ = {isa = PBXFileReference; fileEncoding = 4; lastKnownFileType = sourcecode.c.h; path = FBRequest.h; sourceTree = "<group>"; };
		3E1E88FB154101770048219C /* JSON.h */ = {isa = PBXFileReference; fileEncoding = 4; lastKnownFileType = sourcecode.c.h; path = JSON.h; sourceTree = "<group>"; };
		3E1E88FC154101770048219C /* libfacebook_ios_sdk.a */ = {isa = PBXFileReference; lastKnownFileType = archive.ar; path = libfacebook_ios_sdk.a; sourceTree = "<group>"; };
		3E1E88FD154101770048219C /* NSObject+SBJSON.h */ = {isa = PBXFileReference; fileEncoding = 4; lastKnownFileType = sourcecode.c.h; path = "NSObject+SBJSON.h"; sourceTree = "<group>"; };
		3E1E88FE154101770048219C /* NSString+SBJSON.h */ = {isa = PBXFileReference; fileEncoding = 4; lastKnownFileType = sourcecode.c.h; path = "NSString+SBJSON.h"; sourceTree = "<group>"; };
		3E1E88FF154101770048219C /* SBJSON.h */ = {isa = PBXFileReference; fileEncoding = 4; lastKnownFileType = sourcecode.c.h; path = SBJSON.h; sourceTree = "<group>"; };
		3E1E8900154101770048219C /* SBJsonBase.h */ = {isa = PBXFileReference; fileEncoding = 4; lastKnownFileType = sourcecode.c.h; path = SBJsonBase.h; sourceTree = "<group>"; };
		3E1E8901154101770048219C /* SBJsonParser.h */ = {isa = PBXFileReference; fileEncoding = 4; lastKnownFileType = sourcecode.c.h; path = SBJsonParser.h; sourceTree = "<group>"; };
		3E1E8902154101770048219C /* SBJsonWriter.h */ = {isa = PBXFileReference; fileEncoding = 4; lastKnownFileType = sourcecode.c.h; path = SBJsonWriter.h; sourceTree = "<group>"; };
		3E21FC29156B320900A9A088 /* CreateNewListViewController.h */ = {isa = PBXFileReference; fileEncoding = 4; lastKnownFileType = sourcecode.c.h; path = CreateNewListViewController.h; sourceTree = "<group>"; };
		3E21FC2A156B320900A9A088 /* CreateNewListViewController.m */ = {isa = PBXFileReference; fileEncoding = 4; lastKnownFileType = sourcecode.c.objc; path = CreateNewListViewController.m; sourceTree = "<group>"; };
		3E36D55E152331F0001C9070 /* EGORefreshTableHeaderView.h */ = {isa = PBXFileReference; fileEncoding = 4; lastKnownFileType = sourcecode.c.h; path = EGORefreshTableHeaderView.h; sourceTree = "<group>"; };
		3E36D55F152331F0001C9070 /* EGORefreshTableHeaderView.m */ = {isa = PBXFileReference; fileEncoding = 4; lastKnownFileType = sourcecode.c.objc; path = EGORefreshTableHeaderView.m; sourceTree = "<group>"; };
		3E3BDF3B150D9FD200C1C81C /* PBListEntry.h */ = {isa = PBXFileReference; fileEncoding = 4; lastKnownFileType = sourcecode.c.h; name = PBListEntry.h; path = Piggyback/PBListEntry.h; sourceTree = "<group>"; };
		3E3BDF3C150D9FD200C1C81C /* PBListEntry.m */ = {isa = PBXFileReference; fileEncoding = 4; lastKnownFileType = sourcecode.c.objc; name = PBListEntry.m; path = Piggyback/PBListEntry.m; sourceTree = "<group>"; };
		3E4727B4156C475E005EF3DA /* AddToListViewController.h */ = {isa = PBXFileReference; fileEncoding = 4; lastKnownFileType = sourcecode.c.h; path = AddToListViewController.h; sourceTree = "<group>"; };
		3E4727B5156C475E005EF3DA /* AddToListViewController.m */ = {isa = PBXFileReference; fileEncoding = 4; lastKnownFileType = sourcecode.c.objc; path = AddToListViewController.m; sourceTree = "<group>"; };
		3E47337C1519A78200083B53 /* blue_square@2x.png */ = {isa = PBXFileReference; lastKnownFileType = image.png; path = "blue_square@2x.png"; sourceTree = "<group>"; };
		3E47FED5152C16BD00421FFE /* no_photo.png */ = {isa = PBXFileReference; lastKnownFileType = image.png; path = no_photo.png; sourceTree = "<group>"; };
		3E5400E31519677E0078CFC2 /* geolocation_icon.png */ = {isa = PBXFileReference; lastKnownFileType = image.png; path = geolocation_icon.png; sourceTree = "<group>"; };
		3E5400E5151967B80078CFC2 /* phone_icon.png */ = {isa = PBXFileReference; lastKnownFileType = image.png; path = phone_icon.png; sourceTree = "<group>"; };
		3E587E851519614400C7E3EF /* inbox_tabbar_icon.png */ = {isa = PBXFileReference; lastKnownFileType = image.png; path = inbox_tabbar_icon.png; sourceTree = "<group>"; };
		3E587E861519614400C7E3EF /* inbox_tabbar_icon@2x.png */ = {isa = PBXFileReference; lastKnownFileType = image.png; path = "inbox_tabbar_icon@2x.png"; sourceTree = "<group>"; };
		3E734B701508C24C003FD9CB /* PBUser.h */ = {isa = PBXFileReference; fileEncoding = 4; lastKnownFileType = sourcecode.c.h; name = PBUser.h; path = Piggyback/PBUser.h; sourceTree = "<group>"; };
		3E734B711508C24C003FD9CB /* PBUser.m */ = {isa = PBXFileReference; fileEncoding = 4; lastKnownFileType = sourcecode.c.objc; name = PBUser.m; path = Piggyback/PBUser.m; sourceTree = "<group>"; };
		3E734B731508F4AA003FD9CB /* ListsTableViewController.h */ = {isa = PBXFileReference; fileEncoding = 4; lastKnownFileType = sourcecode.c.h; path = ListsTableViewController.h; sourceTree = "<group>"; };
		3E734B741508F4AA003FD9CB /* ListsTableViewController.m */ = {isa = PBXFileReference; fileEncoding = 4; lastKnownFileType = sourcecode.c.objc; path = ListsTableViewController.m; sourceTree = "<group>"; };
		3E734B761508F983003FD9CB /* PBList.h */ = {isa = PBXFileReference; fileEncoding = 4; lastKnownFileType = sourcecode.c.h; name = PBList.h; path = Piggyback/PBList.h; sourceTree = "<group>"; };
		3E734B771508F983003FD9CB /* PBList.m */ = {isa = PBXFileReference; fileEncoding = 4; lastKnownFileType = sourcecode.c.objc; name = PBList.m; path = Piggyback/PBList.m; sourceTree = "<group>"; };
		3E8F540D1574C76000E8A354 /* RestKit.xcodeproj */ = {isa = PBXFileReference; lastKnownFileType = "wrapper.pb-project"; name = RestKit.xcodeproj; path = RestKit/RestKit.xcodeproj; sourceTree = "<group>"; };
		3E9472F615008EF900A261DD /* Piggyback.app */ = {isa = PBXFileReference; explicitFileType = wrapper.application; includeInIndex = 0; path = Piggyback.app; sourceTree = BUILT_PRODUCTS_DIR; };
		3E9472FA15008EF900A261DD /* UIKit.framework */ = {isa = PBXFileReference; lastKnownFileType = wrapper.framework; name = UIKit.framework; path = System/Library/Frameworks/UIKit.framework; sourceTree = SDKROOT; };
		3E9472FC15008EF900A261DD /* Foundation.framework */ = {isa = PBXFileReference; lastKnownFileType = wrapper.framework; name = Foundation.framework; path = System/Library/Frameworks/Foundation.framework; sourceTree = SDKROOT; };
		3E9472FE15008EF900A261DD /* CoreGraphics.framework */ = {isa = PBXFileReference; lastKnownFileType = wrapper.framework; name = CoreGraphics.framework; path = System/Library/Frameworks/CoreGraphics.framework; sourceTree = SDKROOT; };
		3E94730215008EF900A261DD /* Piggyback-Info.plist */ = {isa = PBXFileReference; lastKnownFileType = text.plist.xml; path = "Piggyback-Info.plist"; sourceTree = "<group>"; };
		3E94730415008EF900A261DD /* en */ = {isa = PBXFileReference; lastKnownFileType = text.plist.strings; name = en; path = en.lproj/InfoPlist.strings; sourceTree = "<group>"; };
		3E94730615008EF900A261DD /* main.m */ = {isa = PBXFileReference; lastKnownFileType = sourcecode.c.objc; path = main.m; sourceTree = "<group>"; };
		3E94730815008EF900A261DD /* Piggyback-Prefix.pch */ = {isa = PBXFileReference; lastKnownFileType = sourcecode.c.h; path = "Piggyback-Prefix.pch"; sourceTree = "<group>"; };
		3E94730915008EF900A261DD /* PiggybackAppDelegate.h */ = {isa = PBXFileReference; lastKnownFileType = sourcecode.c.h; path = PiggybackAppDelegate.h; sourceTree = "<group>"; };
		3E94730A15008EF900A261DD /* PiggybackAppDelegate.m */ = {isa = PBXFileReference; lastKnownFileType = sourcecode.c.objc; path = PiggybackAppDelegate.m; sourceTree = "<group>"; };
		3E94730D15008EF900A261DD /* en */ = {isa = PBXFileReference; lastKnownFileType = file.storyboard; name = en; path = en.lproj/MainStoryboard_iPhone.storyboard; sourceTree = "<group>"; };
		3E94731215008EF900A261DD /* LoginViewController.h */ = {isa = PBXFileReference; lastKnownFileType = sourcecode.c.h; path = LoginViewController.h; sourceTree = "<group>"; };
		3E94731315008EF900A261DD /* LoginViewController.m */ = {isa = PBXFileReference; lastKnownFileType = sourcecode.c.objc; path = LoginViewController.m; sourceTree = "<group>"; };
		3E9795C7150EAFDF00E0E662 /* IndividualListViewController.h */ = {isa = PBXFileReference; fileEncoding = 4; lastKnownFileType = sourcecode.c.h; path = IndividualListViewController.h; sourceTree = "<group>"; };
		3E9795C8150EAFDF00E0E662 /* IndividualListViewController.m */ = {isa = PBXFileReference; fileEncoding = 4; lastKnownFileType = sourcecode.c.objc; path = IndividualListViewController.m; sourceTree = "<group>"; };
		3EAC2AF3152157FF00B69392 /* login_bg@2x.png */ = {isa = PBXFileReference; lastKnownFileType = image.png; path = "login_bg@2x.png"; sourceTree = "<group>"; };
		3EAC2AF4152157FF00B69392 /* login_bg.png */ = {isa = PBXFileReference; lastKnownFileType = image.png; path = login_bg.png; sourceTree = "<group>"; };
		3EB2BB8B15183BDC0034820F /* list_tabbar_icon@2x.png */ = {isa = PBXFileReference; lastKnownFileType = image.png; path = "list_tabbar_icon@2x.png"; sourceTree = "<group>"; };
		3EB2BB8E15183C5B0034820F /* list_tabbar_icon.png */ = {isa = PBXFileReference; lastKnownFileType = image.png; path = list_tabbar_icon.png; sourceTree = "<group>"; };
		3EB2BB971518964F0034820F /* PiggybackNavigationController.h */ = {isa = PBXFileReference; fileEncoding = 4; lastKnownFileType = sourcecode.c.h; path = PiggybackNavigationController.h; sourceTree = "<group>"; };
		3EB2BB981518964F0034820F /* PiggybackNavigationController.m */ = {isa = PBXFileReference; fileEncoding = 4; lastKnownFileType = sourcecode.c.objc; path = PiggybackNavigationController.m; sourceTree = "<group>"; };
		3EB580371519608800EA329C /* geolocation_icon@2x.png */ = {isa = PBXFileReference; lastKnownFileType = image.png; path = "geolocation_icon@2x.png"; sourceTree = "<group>"; };
		3EB580391519609200EA329C /* phone_icon@2x.png */ = {isa = PBXFileReference; lastKnownFileType = image.png; path = "phone_icon@2x.png"; sourceTree = "<group>"; };
		3EB5B3C5151953E10009980F /* piggyback_titlebar.png */ = {isa = PBXFileReference; lastKnownFileType = image.png; path = piggyback_titlebar.png; sourceTree = "<group>"; };
		3EB5B3C6151953E10009980F /* piggyback_titlebar@2x.png */ = {isa = PBXFileReference; lastKnownFileType = image.png; path = "piggyback_titlebar@2x.png"; sourceTree = "<group>"; };
		3EB5B3C91519541F0009980F /* piggyback_titlebar_background.png */ = {isa = PBXFileReference; lastKnownFileType = image.png; path = piggyback_titlebar_background.png; sourceTree = "<group>"; };
		3EB5B3CA1519541F0009980F /* piggyback_titlebar_background@2x.png */ = {isa = PBXFileReference; lastKnownFileType = image.png; path = "piggyback_titlebar_background@2x.png"; sourceTree = "<group>"; };
		3EBA711A1514B7810043A4F9 /* ListEntryTableViewCell.h */ = {isa = PBXFileReference; fileEncoding = 4; lastKnownFileType = sourcecode.c.h; name = ListEntryTableViewCell.h; path = Piggyback/ListEntryTableViewCell.h; sourceTree = "<group>"; };
		3EBA711B1514B7810043A4F9 /* ListEntryTableViewCell.m */ = {isa = PBXFileReference; fileEncoding = 4; lastKnownFileType = sourcecode.c.objc; name = ListEntryTableViewCell.m; path = Piggyback/ListEntryTableViewCell.m; sourceTree = "<group>"; };
		3EBD2CF0150A0C9800715DD0 /* PiggybackTabBarController.h */ = {isa = PBXFileReference; fileEncoding = 4; lastKnownFileType = sourcecode.c.h; path = PiggybackTabBarController.h; sourceTree = "<group>"; };
		3EBD2CF1150A0C9800715DD0 /* PiggybackTabBarController.m */ = {isa = PBXFileReference; fileEncoding = 4; lastKnownFileType = sourcecode.c.objc; path = PiggybackTabBarController.m; sourceTree = "<group>"; };
		3EC3CDDC1564840900B1C753 /* LoginWithFacebookNormal.png */ = {isa = PBXFileReference; lastKnownFileType = image.png; path = LoginWithFacebookNormal.png; sourceTree = "<group>"; };
		3EC3CDDD1564840900B1C753 /* LoginWithFacebookNormal@2x.png */ = {isa = PBXFileReference; lastKnownFileType = image.png; path = "LoginWithFacebookNormal@2x.png"; sourceTree = "<group>"; };
		3ED78A1B1522E92E00FE5C69 /* Piggyback.xcdatamodel */ = {isa = PBXFileReference; lastKnownFileType = wrapper.xcdatamodel; path = Piggyback.xcdatamodel; sourceTree = "<group>"; };
		3ED78A301523277600FE5C69 /* blackArrow.png */ = {isa = PBXFileReference; lastKnownFileType = image.png; path = blackArrow.png; sourceTree = "<group>"; };
		3ED78A311523277600FE5C69 /* blackArrow@2x.png */ = {isa = PBXFileReference; lastKnownFileType = image.png; path = "blackArrow@2x.png"; sourceTree = "<group>"; };
		3ED78A321523277700FE5C69 /* blueArrow.png */ = {isa = PBXFileReference; lastKnownFileType = image.png; path = blueArrow.png; sourceTree = "<group>"; };
		3ED78A331523277700FE5C69 /* blueArrow@2x.png */ = {isa = PBXFileReference; lastKnownFileType = image.png; path = "blueArrow@2x.png"; sourceTree = "<group>"; };
		3ED78A341523277700FE5C69 /* grayArrow.png */ = {isa = PBXFileReference; lastKnownFileType = image.png; path = grayArrow.png; sourceTree = "<group>"; };
		3ED78A351523277700FE5C69 /* grayArrow@2x.png */ = {isa = PBXFileReference; lastKnownFileType = image.png; path = "grayArrow@2x.png"; sourceTree = "<group>"; };
		3ED78A361523277700FE5C69 /* whiteArrow.png */ = {isa = PBXFileReference; lastKnownFileType = image.png; path = whiteArrow.png; sourceTree = "<group>"; };
		3ED78A371523277700FE5C69 /* whiteArrow@2x.png */ = {isa = PBXFileReference; lastKnownFileType = image.png; path = "whiteArrow@2x.png"; sourceTree = "<group>"; };
		4F4DACB0151AD58200E6E65C /* Icon.png */ = {isa = PBXFileReference; lastKnownFileType = image.png; path = Icon.png; sourceTree = "<group>"; };
		4F4DACB1151AD58200E6E65C /* Icon@2x.png */ = {isa = PBXFileReference; lastKnownFileType = image.png; path = "Icon@2x.png"; sourceTree = "<group>"; };
		F90340941546A76E00F51F8B /* searchMagGlass.png */ = {isa = PBXFileReference; lastKnownFileType = image.png; path = searchMagGlass.png; sourceTree = "<group>"; };
		F90340951546A76E00F51F8B /* searchMagGlass@2x.png */ = {isa = PBXFileReference; lastKnownFileType = image.png; path = "searchMagGlass@2x.png"; sourceTree = "<group>"; };
		F936AB7D1508F12F0019F191 /* PBVendorReferralComment.h */ = {isa = PBXFileReference; fileEncoding = 4; lastKnownFileType = sourcecode.c.h; name = PBVendorReferralComment.h; path = Piggyback/PBVendorReferralComment.h; sourceTree = "<group>"; };
		F936AB7E1508F12F0019F191 /* PBVendorReferralComment.m */ = {isa = PBXFileReference; fileEncoding = 4; lastKnownFileType = sourcecode.c.objc; name = PBVendorReferralComment.m; path = Piggyback/PBVendorReferralComment.m; sourceTree = "<group>"; };
		F936AB80150A2B7F0019F191 /* ReferralCommentTableCell.h */ = {isa = PBXFileReference; fileEncoding = 4; lastKnownFileType = sourcecode.c.h; name = ReferralCommentTableCell.h; path = Piggyback/ReferralCommentTableCell.h; sourceTree = "<group>"; };
		F936AB81150A2B7F0019F191 /* ReferralCommentTableCell.m */ = {isa = PBXFileReference; fileEncoding = 4; lastKnownFileType = sourcecode.c.objc; name = ReferralCommentTableCell.m; path = Piggyback/ReferralCommentTableCell.m; sourceTree = "<group>"; };
		F936AB83150A5AC60019F191 /* Constants.h */ = {isa = PBXFileReference; fileEncoding = 4; lastKnownFileType = sourcecode.c.h; path = Constants.h; sourceTree = "<group>"; };
		F936AB84150A5AC60019F191 /* Constants.m */ = {isa = PBXFileReference; fileEncoding = 4; lastKnownFileType = sourcecode.c.objc; path = Constants.m; sourceTree = "<group>"; };
		F956DE521511E58D00187A27 /* CoreLocation.framework */ = {isa = PBXFileReference; lastKnownFileType = wrapper.framework; name = CoreLocation.framework; path = System/Library/Frameworks/CoreLocation.framework; sourceTree = SDKROOT; };
		F95B4DDE156DFDBE00EC576C /* submit-button-pressed.png */ = {isa = PBXFileReference; lastKnownFileType = image.png; path = "submit-button-pressed.png"; sourceTree = "<group>"; };
		F95B4DDF156DFDBE00EC576C /* submit-button-pressed@2x.png */ = {isa = PBXFileReference; lastKnownFileType = image.png; path = "submit-button-pressed@2x.png"; sourceTree = "<group>"; };
		F95B4DE0156DFDBE00EC576C /* submit-button.png */ = {isa = PBXFileReference; lastKnownFileType = image.png; path = "submit-button.png"; sourceTree = "<group>"; };
		F95B4DE1156DFDBE00EC576C /* submit-button@2x.png */ = {isa = PBXFileReference; lastKnownFileType = image.png; path = "submit-button@2x.png"; sourceTree = "<group>"; };
		F95B4DE6156E3CA400EC576C /* ReferToFriendsViewController.h */ = {isa = PBXFileReference; fileEncoding = 4; lastKnownFileType = sourcecode.c.h; path = ReferToFriendsViewController.h; sourceTree = "<group>"; };
		F95B4DE7156E3CA400EC576C /* ReferToFriendsViewController.m */ = {isa = PBXFileReference; fileEncoding = 4; lastKnownFileType = sourcecode.c.objc; path = ReferToFriendsViewController.m; sourceTree = "<group>"; };
		F95B4DE9156E4B4700EC576C /* ReferToFriendsCell.h */ = {isa = PBXFileReference; fileEncoding = 4; lastKnownFileType = sourcecode.c.h; name = ReferToFriendsCell.h; path = Piggyback/ReferToFriendsCell.h; sourceTree = "<group>"; };
		F95B4DEA156E4B4700EC576C /* ReferToFriendsCell.m */ = {isa = PBXFileReference; fileEncoding = 4; lastKnownFileType = sourcecode.c.objc; name = ReferToFriendsCell.m; path = Piggyback/ReferToFriendsCell.m; sourceTree = "<group>"; };
		F95B4DEC156F0F1E00EC576C /* PBReferral.h */ = {isa = PBXFileReference; fileEncoding = 4; lastKnownFileType = sourcecode.c.h; name = PBReferral.h; path = Piggyback/PBReferral.h; sourceTree = "<group>"; };
		F95B4DED156F0F1E00EC576C /* PBReferral.m */ = {isa = PBXFileReference; fileEncoding = 4; lastKnownFileType = sourcecode.c.objc; name = PBReferral.m; path = Piggyback/PBReferral.m; sourceTree = "<group>"; };
		F95F45E1157569AB007997EE /* add-to-list-button-normal.png */ = {isa = PBXFileReference; lastKnownFileType = image.png; path = "add-to-list-button-normal.png"; sourceTree = "<group>"; };
		F95F45E2157569AB007997EE /* add-to-list-button-normal@2x.png */ = {isa = PBXFileReference; lastKnownFileType = image.png; path = "add-to-list-button-normal@2x.png"; sourceTree = "<group>"; };
		F95F45E3157569AB007997EE /* add-to-list-button-pressed.png */ = {isa = PBXFileReference; lastKnownFileType = image.png; path = "add-to-list-button-pressed.png"; sourceTree = "<group>"; };
		F95F45E4157569AB007997EE /* add-to-list-button-pressed@2x.png */ = {isa = PBXFileReference; lastKnownFileType = image.png; path = "add-to-list-button-pressed@2x.png"; sourceTree = "<group>"; };
		F9645D9115121FD100A6B0F7 /* LocationController.h */ = {isa = PBXFileReference; fileEncoding = 4; lastKnownFileType = sourcecode.c.h; path = LocationController.h; sourceTree = "<group>"; };
		F9645D9215121FD100A6B0F7 /* LocationController.m */ = {isa = PBXFileReference; fileEncoding = 4; lastKnownFileType = sourcecode.c.objc; path = LocationController.m; sourceTree = "<group>"; };
		F985B42F150F5097002791B2 /* PBInboxItem.h */ = {isa = PBXFileReference; fileEncoding = 4; lastKnownFileType = sourcecode.c.h; name = PBInboxItem.h; path = Piggyback/PBInboxItem.h; sourceTree = "<group>"; };
		F985B430150F5097002791B2 /* PBInboxItem.m */ = {isa = PBXFileReference; fileEncoding = 4; lastKnownFileType = sourcecode.c.objc; name = PBInboxItem.m; path = Piggyback/PBInboxItem.m; sourceTree = "<group>"; };
		F985B435150FE9CF002791B2 /* InboxTableViewController.h */ = {isa = PBXFileReference; fileEncoding = 4; lastKnownFileType = sourcecode.c.h; path = InboxTableViewController.h; sourceTree = "<group>"; };
		F985B436150FE9D0002791B2 /* InboxTableViewController.m */ = {isa = PBXFileReference; fileEncoding = 4; lastKnownFileType = sourcecode.c.objc; path = InboxTableViewController.m; sourceTree = "<group>"; };
		F985B438151010F2002791B2 /* InboxTableCell.h */ = {isa = PBXFileReference; fileEncoding = 4; lastKnownFileType = sourcecode.c.h; name = InboxTableCell.h; path = Piggyback/InboxTableCell.h; sourceTree = "<group>"; };
		F985B439151010F2002791B2 /* InboxTableCell.m */ = {isa = PBXFileReference; fileEncoding = 4; lastKnownFileType = sourcecode.c.objc; name = InboxTableCell.m; path = Piggyback/InboxTableCell.m; sourceTree = "<group>"; };
		F98F4A591558F29B001777D4 /* PBVendorPhoto.h */ = {isa = PBXFileReference; fileEncoding = 4; lastKnownFileType = sourcecode.c.h; name = PBVendorPhoto.h; path = Piggyback/PBVendorPhoto.h; sourceTree = "<group>"; };
		F98F4A5A1558F29B001777D4 /* PBVendorPhoto.m */ = {isa = PBXFileReference; fileEncoding = 4; lastKnownFileType = sourcecode.c.objc; name = PBVendorPhoto.m; path = Piggyback/PBVendorPhoto.m; sourceTree = "<group>"; };
		F99C2C8A156CF3C900C8E65B /* foursquare-logo.png */ = {isa = PBXFileReference; lastKnownFileType = image.png; path = "foursquare-logo.png"; sourceTree = "<group>"; };
		F9B74036151934E9005D125B /* VendorInfoTableCell.h */ = {isa = PBXFileReference; fileEncoding = 4; lastKnownFileType = sourcecode.c.h; name = VendorInfoTableCell.h; path = Piggyback/VendorInfoTableCell.h; sourceTree = "<group>"; };
		F9B74037151934E9005D125B /* VendorInfoTableCell.m */ = {isa = PBXFileReference; fileEncoding = 4; lastKnownFileType = sourcecode.c.objc; name = VendorInfoTableCell.m; path = Piggyback/VendorInfoTableCell.m; sourceTree = "<group>"; };
		F9B9B61F150193810002BCDE /* CFNetwork.framework */ = {isa = PBXFileReference; lastKnownFileType = wrapper.framework; name = CFNetwork.framework; path = System/Library/Frameworks/CFNetwork.framework; sourceTree = SDKROOT; };
		F9B9B621150193880002BCDE /* CoreData.framework */ = {isa = PBXFileReference; lastKnownFileType = wrapper.framework; name = CoreData.framework; path = System/Library/Frameworks/CoreData.framework; sourceTree = SDKROOT; };
		F9B9B623150193920002BCDE /* MobileCoreServices.framework */ = {isa = PBXFileReference; lastKnownFileType = wrapper.framework; name = MobileCoreServices.framework; path = System/Library/Frameworks/MobileCoreServices.framework; sourceTree = SDKROOT; };
		F9B9B6251501939A0002BCDE /* Security.framework */ = {isa = PBXFileReference; lastKnownFileType = wrapper.framework; name = Security.framework; path = System/Library/Frameworks/Security.framework; sourceTree = SDKROOT; };
		F9B9B627150193A30002BCDE /* SystemConfiguration.framework */ = {isa = PBXFileReference; lastKnownFileType = wrapper.framework; name = SystemConfiguration.framework; path = System/Library/Frameworks/SystemConfiguration.framework; sourceTree = SDKROOT; };
		F9B9B629150193AC0002BCDE /* QuartzCore.framework */ = {isa = PBXFileReference; lastKnownFileType = wrapper.framework; name = QuartzCore.framework; path = System/Library/Frameworks/QuartzCore.framework; sourceTree = SDKROOT; };
		F9B9B62B150193B60002BCDE /* libxml2.dylib */ = {isa = PBXFileReference; lastKnownFileType = "compiled.mach-o.dylib"; name = libxml2.dylib; path = usr/lib/libxml2.dylib; sourceTree = SDKROOT; };
		F9BDEEAA153F5DD50030363B /* SearchViewController.h */ = {isa = PBXFileReference; fileEncoding = 4; lastKnownFileType = sourcecode.c.h; path = SearchViewController.h; sourceTree = "<group>"; };
		F9BDEEAB153F5DD50030363B /* SearchViewController.m */ = {isa = PBXFileReference; fileEncoding = 4; lastKnownFileType = sourcecode.c.objc; path = SearchViewController.m; sourceTree = "<group>"; };
		F9BDEEAF153F926F0030363B /* search magnifying glass 22x31 v2.png */ = {isa = PBXFileReference; lastKnownFileType = image.png; path = "search magnifying glass 22x31 v2.png"; sourceTree = "<group>"; };
		F9BDEEB1153FD3750030363B /* SearchTableViewCell.h */ = {isa = PBXFileReference; fileEncoding = 4; lastKnownFileType = sourcecode.c.h; name = SearchTableViewCell.h; path = Piggyback/SearchTableViewCell.h; sourceTree = "<group>"; };
		F9BDEEB2153FD3750030363B /* SearchTableViewCell.m */ = {isa = PBXFileReference; fileEncoding = 4; lastKnownFileType = sourcecode.c.objc; name = SearchTableViewCell.m; path = Piggyback/SearchTableViewCell.m; sourceTree = "<group>"; };
		F9D0BDB91508B76000D963B7 /* PBVendor.h */ = {isa = PBXFileReference; fileEncoding = 4; lastKnownFileType = sourcecode.c.h; name = PBVendor.h; path = Piggyback/PBVendor.h; sourceTree = "<group>"; };
		F9D0BDBA1508B76000D963B7 /* PBVendor.m */ = {isa = PBXFileReference; fileEncoding = 4; lastKnownFileType = sourcecode.c.objc; name = PBVendor.m; path = Piggyback/PBVendor.m; sourceTree = "<group>"; };
		F9D0BDBC1508BC8F00D963B7 /* VendorViewController.h */ = {isa = PBXFileReference; fileEncoding = 4; lastKnownFileType = sourcecode.c.h; path = VendorViewController.h; sourceTree = "<group>"; };
		F9D0BDBD1508BC8F00D963B7 /* VendorViewController.m */ = {isa = PBXFileReference; fileEncoding = 4; lastKnownFileType = sourcecode.c.objc; path = VendorViewController.m; sourceTree = "<group>"; };
/* End PBXFileReference section */

/* Begin PBXFrameworksBuildPhase section */
		3E9472F315008EF900A261DD /* Frameworks */ = {
			isa = PBXFrameworksBuildPhase;
			buildActionMask = 2147483647;
			files = (
				F9FF0D0C15758EC000F25611 /* libRestKit.a in Frameworks */,
				F9645D9015121F4D00A6B0F7 /* CoreLocation.framework in Frameworks */,
				F9B9B62C150193B60002BCDE /* libxml2.dylib in Frameworks */,
				F9B9B62A150193AC0002BCDE /* QuartzCore.framework in Frameworks */,
				F9B9B628150193A30002BCDE /* SystemConfiguration.framework in Frameworks */,
				F9B9B6261501939A0002BCDE /* Security.framework in Frameworks */,
				F9B9B624150193920002BCDE /* MobileCoreServices.framework in Frameworks */,
				F9B9B622150193880002BCDE /* CoreData.framework in Frameworks */,
				F9B9B620150193810002BCDE /* CFNetwork.framework in Frameworks */,
				3E9472FB15008EF900A261DD /* UIKit.framework in Frameworks */,
				3E9472FD15008EF900A261DD /* Foundation.framework in Frameworks */,
				3E9472FF15008EF900A261DD /* CoreGraphics.framework in Frameworks */,
				3E1E8904154101770048219C /* libfacebook_ios_sdk.a in Frameworks */,
			);
			runOnlyForDeploymentPostprocessing = 0;
		};
/* End PBXFrameworksBuildPhase section */

/* Begin PBXGroup section */
		3E1E88F3154101770048219C /* facebook-ios-sdk */ = {
			isa = PBXGroup;
			children = (
				3E1E88F4154101770048219C /* Facebook.h */,
				3E1E88F5154101770048219C /* FBConnect.h */,
				3E1E88F6154101770048219C /* FBDialog.bundle */,
				3E1E88F7154101770048219C /* FBDialog.h */,
				3E1E88F8154101770048219C /* FBFrictionlessRequestSettings.h */,
				3E1E88F9154101770048219C /* FBLoginDialog.h */,
				3E1E88FA154101770048219C /* FBRequest.h */,
				3E1E88FB154101770048219C /* JSON.h */,
				3E1E88FC154101770048219C /* libfacebook_ios_sdk.a */,
				3E1E88FD154101770048219C /* NSObject+SBJSON.h */,
				3E1E88FE154101770048219C /* NSString+SBJSON.h */,
				3E1E88FF154101770048219C /* SBJSON.h */,
				3E1E8900154101770048219C /* SBJsonBase.h */,
				3E1E8901154101770048219C /* SBJsonParser.h */,
				3E1E8902154101770048219C /* SBJsonWriter.h */,
			);
			path = "facebook-ios-sdk";
			sourceTree = "<group>";
		};
		3E8F540E1574C76000E8A354 /* Products */ = {
			isa = PBXGroup;
			children = (
				3E8F54181574C76000E8A354 /* libRestKit.a */,
				3E8F541A1574C76000E8A354 /* RestKitTests.octest */,
				3E8F541C1574C76000E8A354 /* RestKit.framework */,
				3E8F541E1574C76000E8A354 /* RestKitFrameworkTests.octest */,
			);
			name = Products;
			sourceTree = "<group>";
		};
		3E9472EB15008EF900A261DD = {
			isa = PBXGroup;
			children = (
				3E94730015008EF900A261DD /* Piggyback */,
				3E9472F915008EF900A261DD /* Frameworks */,
				3E9472F715008EF900A261DD /* Products */,
			);
			sourceTree = "<group>";
		};
		3E9472F715008EF900A261DD /* Products */ = {
			isa = PBXGroup;
			children = (
				3E9472F615008EF900A261DD /* Piggyback.app */,
			);
			name = Products;
			sourceTree = "<group>";
		};
		3E9472F915008EF900A261DD /* Frameworks */ = {
			isa = PBXGroup;
			children = (
				F956DE521511E58D00187A27 /* CoreLocation.framework */,
				F9B9B62B150193B60002BCDE /* libxml2.dylib */,
				F9B9B629150193AC0002BCDE /* QuartzCore.framework */,
				F9B9B627150193A30002BCDE /* SystemConfiguration.framework */,
				F9B9B6251501939A0002BCDE /* Security.framework */,
				F9B9B623150193920002BCDE /* MobileCoreServices.framework */,
				F9B9B621150193880002BCDE /* CoreData.framework */,
				F9B9B61F150193810002BCDE /* CFNetwork.framework */,
				3E9472FA15008EF900A261DD /* UIKit.framework */,
				3E9472FC15008EF900A261DD /* Foundation.framework */,
				3E9472FE15008EF900A261DD /* CoreGraphics.framework */,
			);
			name = Frameworks;
			sourceTree = "<group>";
		};
		3E94730015008EF900A261DD /* Piggyback */ = {
			isa = PBXGroup;
			children = (
				3E94730C15008EF900A261DD /* MainStoryboard_iPhone.storyboard */,
				3ED78A1A1522E92E00FE5C69 /* Piggyback.xcdatamodeld */,
				3E94730915008EF900A261DD /* PiggybackAppDelegate.h */,
				3E94730A15008EF900A261DD /* PiggybackAppDelegate.m */,
				3EBD2CF0150A0C9800715DD0 /* PiggybackTabBarController.h */,
				3EBD2CF1150A0C9800715DD0 /* PiggybackTabBarController.m */,
				3EB2BB971518964F0034820F /* PiggybackNavigationController.h */,
				3EB2BB981518964F0034820F /* PiggybackNavigationController.m */,
				3E94731215008EF900A261DD /* LoginViewController.h */,
				3E94731315008EF900A261DD /* LoginViewController.m */,
				F985B435150FE9CF002791B2 /* InboxTableViewController.h */,
				F985B436150FE9D0002791B2 /* InboxTableViewController.m */,
				3E734B731508F4AA003FD9CB /* ListsTableViewController.h */,
				3E734B741508F4AA003FD9CB /* ListsTableViewController.m */,
				3E9795C7150EAFDF00E0E662 /* IndividualListViewController.h */,
				3E9795C8150EAFDF00E0E662 /* IndividualListViewController.m */,
				F9BDEEAA153F5DD50030363B /* SearchViewController.h */,
				F9BDEEAB153F5DD50030363B /* SearchViewController.m */,
				F9D0BDBC1508BC8F00D963B7 /* VendorViewController.h */,
				F9D0BDBD1508BC8F00D963B7 /* VendorViewController.m */,
				3E4727B4156C475E005EF3DA /* AddToListViewController.h */,
				3E4727B5156C475E005EF3DA /* AddToListViewController.m */,
				3E21FC29156B320900A9A088 /* CreateNewListViewController.h */,
				3E21FC2A156B320900A9A088 /* CreateNewListViewController.m */,
				F95B4DE6156E3CA400EC576C /* ReferToFriendsViewController.h */,
				F95B4DE7156E3CA400EC576C /* ReferToFriendsViewController.m */,
				3E36D55E152331F0001C9070 /* EGORefreshTableHeaderView.h */,
				3E36D55F152331F0001C9070 /* EGORefreshTableHeaderView.m */,
				F929ACBC15121296008B7463 /* Views */,
				F929ACBB1512112D008B7463 /* PB API Classes */,
				3EFDB51C1501793200CC57A8 /* Resources */,
				3E94730115008EF900A261DD /* Supporting Files */,
				3ED78A191522E84600FE5C69 /* Libraries */,
			);
			path = Piggyback;
			sourceTree = "<group>";
		};
		3E94730115008EF900A261DD /* Supporting Files */ = {
			isa = PBXGroup;
			children = (
				F936AB83150A5AC60019F191 /* Constants.h */,
				F936AB84150A5AC60019F191 /* Constants.m */,
				F9645D9115121FD100A6B0F7 /* LocationController.h */,
				F9645D9215121FD100A6B0F7 /* LocationController.m */,
				3E36D55E152331F0001C9070 /* EGORefreshTableHeaderView.h */,
				3E36D55F152331F0001C9070 /* EGORefreshTableHeaderView.m */,
				3E1E88DA153F8DC70048219C /* MBProgressHUD.h */,
				3E1E88DB153F8DC70048219C /* MBProgressHUD.m */,
				3E94730215008EF900A261DD /* Piggyback-Info.plist */,
				3E94730315008EF900A261DD /* InfoPlist.strings */,
				3E94730615008EF900A261DD /* main.m */,
				3E94730815008EF900A261DD /* Piggyback-Prefix.pch */,
			);
			name = "Supporting Files";
			sourceTree = "<group>";
		};
		3ED78A191522E84600FE5C69 /* Libraries */ = {
			isa = PBXGroup;
			children = (
				3E8F540D1574C76000E8A354 /* RestKit.xcodeproj */,
				3E1E88F3154101770048219C /* facebook-ios-sdk */,
			);
			name = Libraries;
			path = ..;
			sourceTree = "<group>";
		};
		3EFDB51C1501793200CC57A8 /* Resources */ = {
			isa = PBXGroup;
			children = (
				F90340941546A76E00F51F8B /* searchMagGlass.png */,
				F99C2C8A156CF3C900C8E65B /* foursquare-logo.png */,
				F90340951546A76E00F51F8B /* searchMagGlass@2x.png */,
				F9BDEEAF153F926F0030363B /* search magnifying glass 22x31 v2.png */,
				F95F45E1157569AB007997EE /* add-to-list-button-normal.png */,
				F95F45E2157569AB007997EE /* add-to-list-button-normal@2x.png */,
				F95F45E3157569AB007997EE /* add-to-list-button-pressed.png */,
				F95F45E4157569AB007997EE /* add-to-list-button-pressed@2x.png */,
				3E47FED5152C16BD00421FFE /* no_photo.png */,
				3EAC2AF4152157FF00B69392 /* login_bg.png */,
				F95B4DDE156DFDBE00EC576C /* submit-button-pressed.png */,
				F95B4DDF156DFDBE00EC576C /* submit-button-pressed@2x.png */,
				F95B4DE0156DFDBE00EC576C /* submit-button.png */,
				F95B4DE1156DFDBE00EC576C /* submit-button@2x.png */,
				3EAC2AF3152157FF00B69392 /* login_bg@2x.png */,
				4F4DACB0151AD58200E6E65C /* Icon.png */,
				4F4DACB1151AD58200E6E65C /* Icon@2x.png */,
				3E47337C1519A78200083B53 /* blue_square@2x.png */,
				3E5400E31519677E0078CFC2 /* geolocation_icon.png */,
				3EB580371519608800EA329C /* geolocation_icon@2x.png */,
				3E5400E5151967B80078CFC2 /* phone_icon.png */,
				3EB580391519609200EA329C /* phone_icon@2x.png */,
				3EB5B3C91519541F0009980F /* piggyback_titlebar_background.png */,
				3EB5B3CA1519541F0009980F /* piggyback_titlebar_background@2x.png */,
				3EB5B3C5151953E10009980F /* piggyback_titlebar.png */,
				3EB5B3C6151953E10009980F /* piggyback_titlebar@2x.png */,
				3E587E851519614400C7E3EF /* inbox_tabbar_icon.png */,
				3E587E861519614400C7E3EF /* inbox_tabbar_icon@2x.png */,
				3EB2BB8E15183C5B0034820F /* list_tabbar_icon.png */,
				3EB2BB8B15183BDC0034820F /* list_tabbar_icon@2x.png */,
				3ED78A301523277600FE5C69 /* blackArrow.png */,
				3ED78A311523277600FE5C69 /* blackArrow@2x.png */,
				3ED78A321523277700FE5C69 /* blueArrow.png */,
				3ED78A331523277700FE5C69 /* blueArrow@2x.png */,
				3ED78A341523277700FE5C69 /* grayArrow.png */,
				3ED78A351523277700FE5C69 /* grayArrow@2x.png */,
				3ED78A361523277700FE5C69 /* whiteArrow.png */,
				3ED78A371523277700FE5C69 /* whiteArrow@2x.png */,
				3EC3CDDC1564840900B1C753 /* LoginWithFacebookNormal.png */,
				3EC3CDDD1564840900B1C753 /* LoginWithFacebookNormal@2x.png */,
			);
			name = Resources;
			sourceTree = "<group>";
		};
		F929ACBB1512112D008B7463 /* PB API Classes */ = {
			isa = PBXGroup;
			children = (
				F98F4A591558F29B001777D4 /* PBVendorPhoto.h */,
				F98F4A5A1558F29B001777D4 /* PBVendorPhoto.m */,
				3E734B761508F983003FD9CB /* PBList.h */,
				3E734B771508F983003FD9CB /* PBList.m */,
				3E3BDF3B150D9FD200C1C81C /* PBListEntry.h */,
				3E3BDF3C150D9FD200C1C81C /* PBListEntry.m */,
				3E734B701508C24C003FD9CB /* PBUser.h */,
				3E734B711508C24C003FD9CB /* PBUser.m */,
				F9D0BDB91508B76000D963B7 /* PBVendor.h */,
				F9D0BDBA1508B76000D963B7 /* PBVendor.m */,
				F936AB7D1508F12F0019F191 /* PBVendorReferralComment.h */,
				F936AB7E1508F12F0019F191 /* PBVendorReferralComment.m */,
				F985B42F150F5097002791B2 /* PBInboxItem.h */,
				F985B430150F5097002791B2 /* PBInboxItem.m */,
				F95B4DEC156F0F1E00EC576C /* PBReferral.h */,
				F95B4DED156F0F1E00EC576C /* PBReferral.m */,
			);
			name = "PB API Classes";
			path = ..;
			sourceTree = "<group>";
		};
		F929ACBC15121296008B7463 /* Views */ = {
			isa = PBXGroup;
			children = (
				3EBA711A1514B7810043A4F9 /* ListEntryTableViewCell.h */,
				3EBA711B1514B7810043A4F9 /* ListEntryTableViewCell.m */,
				F985B438151010F2002791B2 /* InboxTableCell.h */,
				F985B439151010F2002791B2 /* InboxTableCell.m */,
				F936AB80150A2B7F0019F191 /* ReferralCommentTableCell.h */,
				F936AB81150A2B7F0019F191 /* ReferralCommentTableCell.m */,
				F9B74036151934E9005D125B /* VendorInfoTableCell.h */,
				F9B74037151934E9005D125B /* VendorInfoTableCell.m */,
				F9BDEEB1153FD3750030363B /* SearchTableViewCell.h */,
				F9BDEEB2153FD3750030363B /* SearchTableViewCell.m */,
				F95B4DE9156E4B4700EC576C /* ReferToFriendsCell.h */,
				F95B4DEA156E4B4700EC576C /* ReferToFriendsCell.m */,
			);
			name = Views;
			path = ..;
			sourceTree = "<group>";
		};
/* End PBXGroup section */

/* Begin PBXNativeTarget section */
		3E9472F515008EF900A261DD /* Piggyback */ = {
			isa = PBXNativeTarget;
			buildConfigurationList = 3E94731715008EF900A261DD /* Build configuration list for PBXNativeTarget "Piggyback" */;
			buildPhases = (
				3E9472F215008EF900A261DD /* Sources */,
				3E9472F315008EF900A261DD /* Frameworks */,
				3E9472F415008EF900A261DD /* Resources */,
			);
			buildRules = (
			);
			dependencies = (
				3E8F54211574CAA500E8A354 /* PBXTargetDependency */,
			);
			name = Piggyback;
			productName = Piggyback;
			productReference = 3E9472F615008EF900A261DD /* Piggyback.app */;
			productType = "com.apple.product-type.application";
		};
/* End PBXNativeTarget section */

/* Begin PBXProject section */
		3E9472ED15008EF900A261DD /* Project object */ = {
			isa = PBXProject;
			attributes = {
				LastUpgradeCheck = 0430;
				ORGANIZATIONNAME = Calimucho;
			};
			buildConfigurationList = 3E9472F015008EF900A261DD /* Build configuration list for PBXProject "Piggyback" */;
			compatibilityVersion = "Xcode 3.2";
			developmentRegion = English;
			hasScannedForEncodings = 0;
			knownRegions = (
				en,
			);
			mainGroup = 3E9472EB15008EF900A261DD;
			productRefGroup = 3E9472F715008EF900A261DD /* Products */;
			projectDirPath = "";
			projectReferences = (
				{
					ProductGroup = 3E8F540E1574C76000E8A354 /* Products */;
					ProjectRef = 3E8F540D1574C76000E8A354 /* RestKit.xcodeproj */;
				},
			);
			projectRoot = "";
			targets = (
				3E9472F515008EF900A261DD /* Piggyback */,
			);
		};
/* End PBXProject section */

/* Begin PBXReferenceProxy section */
		3E8F54181574C76000E8A354 /* libRestKit.a */ = {
			isa = PBXReferenceProxy;
			fileType = archive.ar;
			path = libRestKit.a;
			remoteRef = 3E8F54171574C76000E8A354 /* PBXContainerItemProxy */;
			sourceTree = BUILT_PRODUCTS_DIR;
		};
		3E8F541A1574C76000E8A354 /* RestKitTests.octest */ = {
			isa = PBXReferenceProxy;
			fileType = wrapper.cfbundle;
			path = RestKitTests.octest;
			remoteRef = 3E8F54191574C76000E8A354 /* PBXContainerItemProxy */;
			sourceTree = BUILT_PRODUCTS_DIR;
		};
		3E8F541C1574C76000E8A354 /* RestKit.framework */ = {
			isa = PBXReferenceProxy;
			fileType = wrapper.framework;
			path = RestKit.framework;
			remoteRef = 3E8F541B1574C76000E8A354 /* PBXContainerItemProxy */;
			sourceTree = BUILT_PRODUCTS_DIR;
		};
		3E8F541E1574C76000E8A354 /* RestKitFrameworkTests.octest */ = {
			isa = PBXReferenceProxy;
			fileType = wrapper.cfbundle;
			path = RestKitFrameworkTests.octest;
			remoteRef = 3E8F541D1574C76000E8A354 /* PBXContainerItemProxy */;
			sourceTree = BUILT_PRODUCTS_DIR;
		};
/* End PBXReferenceProxy section */

/* Begin PBXResourcesBuildPhase section */
		3E9472F415008EF900A261DD /* Resources */ = {
			isa = PBXResourcesBuildPhase;
			buildActionMask = 2147483647;
			files = (
				3E94730515008EF900A261DD /* InfoPlist.strings in Resources */,
				3E94730E15008EF900A261DD /* MainStoryboard_iPhone.storyboard in Resources */,
				3EB2BB8C15183BDD0034820F /* list_tabbar_icon@2x.png in Resources */,
				3EB2BB9015183C5B0034820F /* list_tabbar_icon.png in Resources */,
				3EB5B3C7151953E10009980F /* piggyback_titlebar.png in Resources */,
				3EB5B3C8151953E10009980F /* piggyback_titlebar@2x.png in Resources */,
				3EB5B3CB1519541F0009980F /* piggyback_titlebar_background.png in Resources */,
				3EB5B3CC1519541F0009980F /* piggyback_titlebar_background@2x.png in Resources */,
				3EB580381519608900EA329C /* geolocation_icon@2x.png in Resources */,
				3EB5803A1519609200EA329C /* phone_icon@2x.png in Resources */,
				3E587E871519614400C7E3EF /* inbox_tabbar_icon.png in Resources */,
				3E587E881519614400C7E3EF /* inbox_tabbar_icon@2x.png in Resources */,
				3E5400E41519677E0078CFC2 /* geolocation_icon.png in Resources */,
				3E5400E6151967B80078CFC2 /* phone_icon.png in Resources */,
				3E47337D1519A78200083B53 /* blue_square@2x.png in Resources */,
				4F4DACB2151AD58200E6E65C /* Icon.png in Resources */,
				4F4DACB3151AD58200E6E65C /* Icon@2x.png in Resources */,
				3EAC2AF5152157FF00B69392 /* login_bg@2x.png in Resources */,
				3EAC2AF6152157FF00B69392 /* login_bg.png in Resources */,
				3ED78A381523277700FE5C69 /* blackArrow.png in Resources */,
				3ED78A391523277700FE5C69 /* blackArrow@2x.png in Resources */,
				3ED78A3A1523277700FE5C69 /* blueArrow.png in Resources */,
				3ED78A3B1523277700FE5C69 /* blueArrow@2x.png in Resources */,
				3ED78A3C1523277700FE5C69 /* grayArrow.png in Resources */,
				3ED78A3D1523277700FE5C69 /* grayArrow@2x.png in Resources */,
				3ED78A3E1523277700FE5C69 /* whiteArrow.png in Resources */,
				3ED78A3F1523277700FE5C69 /* whiteArrow@2x.png in Resources */,
				3E47FED6152C16BD00421FFE /* no_photo.png in Resources */,
				F9BDEEB0153F926F0030363B /* search magnifying glass 22x31 v2.png in Resources */,
				3E1E8903154101770048219C /* FBDialog.bundle in Resources */,
				F90340961546A76E00F51F8B /* searchMagGlass.png in Resources */,
				F90340971546A76E00F51F8B /* searchMagGlass@2x.png in Resources */,
				3EC3CDDE1564840900B1C753 /* LoginWithFacebookNormal.png in Resources */,
				3EC3CDDF1564840900B1C753 /* LoginWithFacebookNormal@2x.png in Resources */,
				F99C2C8B156CF3C900C8E65B /* foursquare-logo.png in Resources */,
				F95B4DE2156DFDBE00EC576C /* submit-button-pressed.png in Resources */,
				F95B4DE3156DFDBE00EC576C /* submit-button-pressed@2x.png in Resources */,
				F95B4DE4156DFDBE00EC576C /* submit-button.png in Resources */,
				F95B4DE5156DFDBE00EC576C /* submit-button@2x.png in Resources */,
				F95F45E5157569AB007997EE /* add-to-list-button-normal.png in Resources */,
				F95F45E6157569AB007997EE /* add-to-list-button-normal@2x.png in Resources */,
				F95F45E7157569AB007997EE /* add-to-list-button-pressed.png in Resources */,
				F95F45E8157569AB007997EE /* add-to-list-button-pressed@2x.png in Resources */,
			);
			runOnlyForDeploymentPostprocessing = 0;
		};
/* End PBXResourcesBuildPhase section */

/* Begin PBXSourcesBuildPhase section */
		3E9472F215008EF900A261DD /* Sources */ = {
			isa = PBXSourcesBuildPhase;
			buildActionMask = 2147483647;
			files = (
				3E94730715008EF900A261DD /* main.m in Sources */,
				3E94730B15008EF900A261DD /* PiggybackAppDelegate.m in Sources */,
				3E94731415008EF900A261DD /* LoginViewController.m in Sources */,
				F9D0BDBB1508B76000D963B7 /* PBVendor.m in Sources */,
				F9D0BDBE1508BC9000D963B7 /* VendorViewController.m in Sources */,
				F936AB7F1508F12F0019F191 /* PBVendorReferralComment.m in Sources */,
				F936AB82150A2B800019F191 /* ReferralCommentTableCell.m in Sources */,
				F936AB85150A5AC70019F191 /* Constants.m in Sources */,
				3E734B721508C24C003FD9CB /* PBUser.m in Sources */,
				3E734B751508F4AA003FD9CB /* ListsTableViewController.m in Sources */,
				3E734B781508F983003FD9CB /* PBList.m in Sources */,
				3EBD2CF2150A0C9800715DD0 /* PiggybackTabBarController.m in Sources */,
				3E3BDF3D150D9FD200C1C81C /* PBListEntry.m in Sources */,
				3E9795C9150EAFDF00E0E662 /* IndividualListViewController.m in Sources */,
				F985B431150F5097002791B2 /* PBInboxItem.m in Sources */,
				F985B437150FE9D0002791B2 /* InboxTableViewController.m in Sources */,
				F985B43A151010F2002791B2 /* InboxTableCell.m in Sources */,
				F9645D9315121FD100A6B0F7 /* LocationController.m in Sources */,
				3EBA711C1514B7810043A4F9 /* ListEntryTableViewCell.m in Sources */,
				F9B74038151934E9005D125B /* VendorInfoTableCell.m in Sources */,
				3EB2BB991518964F0034820F /* PiggybackNavigationController.m in Sources */,
				3ED78A1C1522E92E00FE5C69 /* Piggyback.xcdatamodeld in Sources */,
				3E36D560152331F0001C9070 /* EGORefreshTableHeaderView.m in Sources */,
				F9BDEEAC153F5DD50030363B /* SearchViewController.m in Sources */,
				F9BDEEB3153FD3750030363B /* SearchTableViewCell.m in Sources */,
				3E1E88DC153F8DC70048219C /* MBProgressHUD.m in Sources */,
				F98F4A5B1558F29B001777D4 /* PBVendorPhoto.m in Sources */,
				3E21FC2B156B320900A9A088 /* CreateNewListViewController.m in Sources */,
				3E4727B6156C475E005EF3DA /* AddToListViewController.m in Sources */,
				F95B4DE8156E3CA400EC576C /* ReferToFriendsViewController.m in Sources */,
				F95B4DEB156E4B4700EC576C /* ReferToFriendsCell.m in Sources */,
				F95B4DEE156F0F1E00EC576C /* PBReferral.m in Sources */,
			);
			runOnlyForDeploymentPostprocessing = 0;
		};
/* End PBXSourcesBuildPhase section */

/* Begin PBXTargetDependency section */
		3E8F54211574CAA500E8A354 /* PBXTargetDependency */ = {
			isa = PBXTargetDependency;
			name = RestKit;
			targetProxy = 3E8F54201574CAA500E8A354 /* PBXContainerItemProxy */;
		};
/* End PBXTargetDependency section */

/* Begin PBXVariantGroup section */
		3E94730315008EF900A261DD /* InfoPlist.strings */ = {
			isa = PBXVariantGroup;
			children = (
				3E94730415008EF900A261DD /* en */,
			);
			name = InfoPlist.strings;
			sourceTree = "<group>";
		};
		3E94730C15008EF900A261DD /* MainStoryboard_iPhone.storyboard */ = {
			isa = PBXVariantGroup;
			children = (
				3E94730D15008EF900A261DD /* en */,
			);
			name = MainStoryboard_iPhone.storyboard;
			sourceTree = "<group>";
		};
/* End PBXVariantGroup section */

/* Begin XCBuildConfiguration section */
		3E94731515008EF900A261DD /* Debug */ = {
			isa = XCBuildConfiguration;
			buildSettings = {
				ALWAYS_SEARCH_USER_PATHS = NO;
				ARCHS = "$(ARCHS_STANDARD_32_BIT)";
				CLANG_ENABLE_OBJC_ARC = YES;
				"CODE_SIGN_IDENTITY[sdk=iphoneos*]" = "iPhone Developer";
				COPY_PHASE_STRIP = NO;
				GCC_C_LANGUAGE_STANDARD = gnu99;
				GCC_DYNAMIC_NO_PIC = NO;
				GCC_OPTIMIZATION_LEVEL = 0;
				GCC_PREPROCESSOR_DEFINITIONS = (
					"DEBUG=1",
					"$(inherited)",
				);
				GCC_SYMBOLS_PRIVATE_EXTERN = NO;
				GCC_VERSION = com.apple.compilers.llvm.clang.1_0;
				GCC_WARN_ABOUT_MISSING_PROTOTYPES = YES;
				GCC_WARN_ABOUT_RETURN_TYPE = YES;
				GCC_WARN_UNUSED_VARIABLE = YES;
				IPHONEOS_DEPLOYMENT_TARGET = 5.1;
				SDKROOT = iphoneos;
				TARGETED_DEVICE_FAMILY = "1,2";
			};
			name = Debug;
		};
		3E94731615008EF900A261DD /* Release */ = {
			isa = XCBuildConfiguration;
			buildSettings = {
				ALWAYS_SEARCH_USER_PATHS = NO;
				ARCHS = "$(ARCHS_STANDARD_32_BIT)";
				CLANG_ENABLE_OBJC_ARC = YES;
				"CODE_SIGN_IDENTITY[sdk=iphoneos*]" = "iPhone Developer";
				COPY_PHASE_STRIP = YES;
				GCC_C_LANGUAGE_STANDARD = gnu99;
				GCC_VERSION = com.apple.compilers.llvm.clang.1_0;
				GCC_WARN_ABOUT_MISSING_PROTOTYPES = YES;
				GCC_WARN_ABOUT_RETURN_TYPE = YES;
				GCC_WARN_UNUSED_VARIABLE = YES;
				IPHONEOS_DEPLOYMENT_TARGET = 5.1;
				OTHER_CFLAGS = "-DNS_BLOCK_ASSERTIONS=1";
				SDKROOT = iphoneos;
				TARGETED_DEVICE_FAMILY = "1,2";
				VALIDATE_PRODUCT = YES;
			};
			name = Release;
		};
		3E94731815008EF900A261DD /* Debug */ = {
			isa = XCBuildConfiguration;
			buildSettings = {
				CODE_SIGN_IDENTITY = "iPhone Developer: Michael Gao (G6PBJCV7M3)";
				"CODE_SIGN_IDENTITY[sdk=iphoneos*]" = "iPhone Developer: Michael Gao (G6PBJCV7M3)";
				"CODE_SIGN_IDENTITY[sdk=iphoneos5.1]" = "iPhone Developer: Michael Gao (G6PBJCV7M3)";
				GCC_PRECOMPILE_PREFIX_HEADER = YES;
				GCC_PREFIX_HEADER = "Piggyback/Piggyback-Prefix.pch";
				HEADER_SEARCH_PATHS = "\"$(BUILT_PRODUCTS_DIR)/../../Headers\"/**";
				INFOPLIST_FILE = "Piggyback/Piggyback-Info.plist";
				IPHONEOS_DEPLOYMENT_TARGET = 5.1;
				LIBRARY_SEARCH_PATHS = (
					"$(inherited)",
					"\"$(SRCROOT)/facebook-ios-sdk\"",
				);
				OTHER_LDFLAGS = "-ObjC";
				PRODUCT_NAME = "$(TARGET_NAME)";
				PROVISIONING_PROFILE = "3B8333F5-76C9-4E1D-9897-2D37878E00DA";
				"PROVISIONING_PROFILE[sdk=iphoneos*]" = "3B8333F5-76C9-4E1D-9897-2D37878E00DA";
				"PROVISIONING_PROFILE[sdk=iphoneos5.1]" = "3B8333F5-76C9-4E1D-9897-2D37878E00DA";
				TARGETED_DEVICE_FAMILY = 1;
				WRAPPER_EXTENSION = app;
			};
			name = Debug;
		};
		3E94731915008EF900A261DD /* Release */ = {
			isa = XCBuildConfiguration;
			buildSettings = {
				CODE_SIGN_IDENTITY = "iPhone Developer: Michael Gao (G6PBJCV7M3)";
				"CODE_SIGN_IDENTITY[sdk=iphoneos*]" = "iPhone Developer: Michael Gao (G6PBJCV7M3)";
				"CODE_SIGN_IDENTITY[sdk=iphoneos5.1]" = "iPhone Developer: Michael Gao (G6PBJCV7M3)";
				GCC_PRECOMPILE_PREFIX_HEADER = YES;
				GCC_PREFIX_HEADER = "Piggyback/Piggyback-Prefix.pch";
				HEADER_SEARCH_PATHS = "\"$(BUILT_PRODUCTS_DIR)/../../Headers\"/**";
				INFOPLIST_FILE = "Piggyback/Piggyback-Info.plist";
				IPHONEOS_DEPLOYMENT_TARGET = 5.1;
				LIBRARY_SEARCH_PATHS = (
					"$(inherited)",
					"\"$(SRCROOT)/facebook-ios-sdk\"",
				);
				OTHER_LDFLAGS = "-ObjC";
				PRODUCT_NAME = "$(TARGET_NAME)";
				PROVISIONING_PROFILE = "3B8333F5-76C9-4E1D-9897-2D37878E00DA";
				"PROVISIONING_PROFILE[sdk=iphoneos*]" = "3B8333F5-76C9-4E1D-9897-2D37878E00DA";
				"PROVISIONING_PROFILE[sdk=iphoneos5.1]" = "3B8333F5-76C9-4E1D-9897-2D37878E00DA";
				TARGETED_DEVICE_FAMILY = 1;
				WRAPPER_EXTENSION = app;
			};
			name = Release;
		};
/* End XCBuildConfiguration section */

/* Begin XCConfigurationList section */
		3E9472F015008EF900A261DD /* Build configuration list for PBXProject "Piggyback" */ = {
			isa = XCConfigurationList;
			buildConfigurations = (
				3E94731515008EF900A261DD /* Debug */,
				3E94731615008EF900A261DD /* Release */,
			);
			defaultConfigurationIsVisible = 0;
			defaultConfigurationName = Release;
		};
		3E94731715008EF900A261DD /* Build configuration list for PBXNativeTarget "Piggyback" */ = {
			isa = XCConfigurationList;
			buildConfigurations = (
				3E94731815008EF900A261DD /* Debug */,
				3E94731915008EF900A261DD /* Release */,
			);
			defaultConfigurationIsVisible = 0;
			defaultConfigurationName = Release;
		};
/* End XCConfigurationList section */

/* Begin XCVersionGroup section */
		3ED78A1A1522E92E00FE5C69 /* Piggyback.xcdatamodeld */ = {
			isa = XCVersionGroup;
			children = (
				3ED78A1B1522E92E00FE5C69 /* Piggyback.xcdatamodel */,
			);
			currentVersion = 3ED78A1B1522E92E00FE5C69 /* Piggyback.xcdatamodel */;
			path = Piggyback.xcdatamodeld;
			sourceTree = SOURCE_ROOT;
			versionGroupType = wrapper.xcdatamodel;
		};
/* End XCVersionGroup section */
	};
	rootObject = 3E9472ED15008EF900A261DD /* Project object */;
}
