// !$*UTF8*$!
{
	archiveVersion = 1;
	classes = {
	};
	objectVersion = 46;
	objects = {

/* Begin PBXBuildFile section */
		3E0EABA61528891F008CB78C /* libRestKit.a in Frameworks */ = {isa = PBXBuildFile; fileRef = 3E0EAB9C15288860008CB78C /* libRestKit.a */; };
		3E193F4C15144E9600D80BB8 /* EmptyIndividualListTableViewController.m in Sources */ = {isa = PBXBuildFile; fileRef = 3E193F4B15144E9600D80BB8 /* EmptyIndividualListTableViewController.m */; };
		3E36D560152331F0001C9070 /* EGORefreshTableHeaderView.m in Sources */ = {isa = PBXBuildFile; fileRef = 3E36D55F152331F0001C9070 /* EGORefreshTableHeaderView.m */; };
		3E3BDF3D150D9FD200C1C81C /* PBListEntry.m in Sources */ = {isa = PBXBuildFile; fileRef = 3E3BDF3C150D9FD200C1C81C /* PBListEntry.m */; };
		3E47337D1519A78200083B53 /* blue_square@2x.png in Resources */ = {isa = PBXBuildFile; fileRef = 3E47337C1519A78200083B53 /* blue_square@2x.png */; };
		3E47FED4152C113A00421FFE /* PBVendorPhoto.m in Sources */ = {isa = PBXBuildFile; fileRef = 3E47FED3152C113A00421FFE /* PBVendorPhoto.m */; };
		3E47FED6152C16BD00421FFE /* no_photo.png in Resources */ = {isa = PBXBuildFile; fileRef = 3E47FED5152C16BD00421FFE /* no_photo.png */; };
		3E5400E41519677E0078CFC2 /* geolocation_icon.png in Resources */ = {isa = PBXBuildFile; fileRef = 3E5400E31519677E0078CFC2 /* geolocation_icon.png */; };
		3E5400E6151967B80078CFC2 /* phone_icon.png in Resources */ = {isa = PBXBuildFile; fileRef = 3E5400E5151967B80078CFC2 /* phone_icon.png */; };
		3E587E871519614400C7E3EF /* inbox_tabbar_icon.png in Resources */ = {isa = PBXBuildFile; fileRef = 3E587E851519614400C7E3EF /* inbox_tabbar_icon.png */; };
		3E587E881519614400C7E3EF /* inbox_tabbar_icon@2x.png in Resources */ = {isa = PBXBuildFile; fileRef = 3E587E861519614400C7E3EF /* inbox_tabbar_icon@2x.png */; };
		3E734B721508C24C003FD9CB /* PBUser.m in Sources */ = {isa = PBXBuildFile; fileRef = 3E734B711508C24C003FD9CB /* PBUser.m */; };
		3E734B751508F4AA003FD9CB /* ListsTableViewController.m in Sources */ = {isa = PBXBuildFile; fileRef = 3E734B741508F4AA003FD9CB /* ListsTableViewController.m */; };
		3E734B781508F983003FD9CB /* PBList.m in Sources */ = {isa = PBXBuildFile; fileRef = 3E734B771508F983003FD9CB /* PBList.m */; };
		3E7429371505956A005A272C /* LoginWithFacebookNormal.png in Resources */ = {isa = PBXBuildFile; fileRef = 3E7429361505956A005A272C /* LoginWithFacebookNormal.png */; };
		3E9472FB15008EF900A261DD /* UIKit.framework in Frameworks */ = {isa = PBXBuildFile; fileRef = 3E9472FA15008EF900A261DD /* UIKit.framework */; };
		3E9472FD15008EF900A261DD /* Foundation.framework in Frameworks */ = {isa = PBXBuildFile; fileRef = 3E9472FC15008EF900A261DD /* Foundation.framework */; };
		3E9472FF15008EF900A261DD /* CoreGraphics.framework in Frameworks */ = {isa = PBXBuildFile; fileRef = 3E9472FE15008EF900A261DD /* CoreGraphics.framework */; };
		3E94730515008EF900A261DD /* InfoPlist.strings in Resources */ = {isa = PBXBuildFile; fileRef = 3E94730315008EF900A261DD /* InfoPlist.strings */; };
		3E94730715008EF900A261DD /* main.m in Sources */ = {isa = PBXBuildFile; fileRef = 3E94730615008EF900A261DD /* main.m */; };
		3E94730B15008EF900A261DD /* PiggybackAppDelegate.m in Sources */ = {isa = PBXBuildFile; fileRef = 3E94730A15008EF900A261DD /* PiggybackAppDelegate.m */; };
		3E94730E15008EF900A261DD /* MainStoryboard_iPhone.storyboard in Resources */ = {isa = PBXBuildFile; fileRef = 3E94730C15008EF900A261DD /* MainStoryboard_iPhone.storyboard */; };
		3E94731415008EF900A261DD /* LoginViewController.m in Sources */ = {isa = PBXBuildFile; fileRef = 3E94731315008EF900A261DD /* LoginViewController.m */; };
		3E9795C9150EAFDF00E0E662 /* IndividualListViewController.m in Sources */ = {isa = PBXBuildFile; fileRef = 3E9795C8150EAFDF00E0E662 /* IndividualListViewController.m */; };
		3EAC2AF5152157FF00B69392 /* login_bg@2x.png in Resources */ = {isa = PBXBuildFile; fileRef = 3EAC2AF3152157FF00B69392 /* login_bg@2x.png */; };
		3EAC2AF6152157FF00B69392 /* login_bg.png in Resources */ = {isa = PBXBuildFile; fileRef = 3EAC2AF4152157FF00B69392 /* login_bg.png */; };
		3EB2BB8C15183BDD0034820F /* list_tabbar_icon@2x.png in Resources */ = {isa = PBXBuildFile; fileRef = 3EB2BB8B15183BDC0034820F /* list_tabbar_icon@2x.png */; };
		3EB2BB9015183C5B0034820F /* list_tabbar_icon.png in Resources */ = {isa = PBXBuildFile; fileRef = 3EB2BB8E15183C5B0034820F /* list_tabbar_icon.png */; };
		3EB2BB991518964F0034820F /* PiggybackNavigationController.m in Sources */ = {isa = PBXBuildFile; fileRef = 3EB2BB981518964F0034820F /* PiggybackNavigationController.m */; };
		3EB2D043150580600028E664 /* FBConnect.bundle in Resources */ = {isa = PBXBuildFile; fileRef = 3EB2D042150580600028E664 /* FBConnect.bundle */; };
		3EB580381519608900EA329C /* geolocation_icon@2x.png in Resources */ = {isa = PBXBuildFile; fileRef = 3EB580371519608800EA329C /* geolocation_icon@2x.png */; };
		3EB5803A1519609200EA329C /* phone_icon@2x.png in Resources */ = {isa = PBXBuildFile; fileRef = 3EB580391519609200EA329C /* phone_icon@2x.png */; };
		3EB5B3C7151953E10009980F /* piggyback_titlebar.png in Resources */ = {isa = PBXBuildFile; fileRef = 3EB5B3C5151953E10009980F /* piggyback_titlebar.png */; };
		3EB5B3C8151953E10009980F /* piggyback_titlebar@2x.png in Resources */ = {isa = PBXBuildFile; fileRef = 3EB5B3C6151953E10009980F /* piggyback_titlebar@2x.png */; };
		3EB5B3CB1519541F0009980F /* piggyback_titlebar_background.png in Resources */ = {isa = PBXBuildFile; fileRef = 3EB5B3C91519541F0009980F /* piggyback_titlebar_background.png */; };
		3EB5B3CC1519541F0009980F /* piggyback_titlebar_background@2x.png in Resources */ = {isa = PBXBuildFile; fileRef = 3EB5B3CA1519541F0009980F /* piggyback_titlebar_background@2x.png */; };
		3EB62AEE152159E90071B0C4 /* LoginWithFacebookNormal@2x.png in Resources */ = {isa = PBXBuildFile; fileRef = 3EB62AED152159E90071B0C4 /* LoginWithFacebookNormal@2x.png */; };
		3EBA711C1514B7810043A4F9 /* ListEntryTableViewCell.m in Sources */ = {isa = PBXBuildFile; fileRef = 3EBA711B1514B7810043A4F9 /* ListEntryTableViewCell.m */; };
		3EBD2CF2150A0C9800715DD0 /* PiggybackTabBarController.m in Sources */ = {isa = PBXBuildFile; fileRef = 3EBD2CF1150A0C9800715DD0 /* PiggybackTabBarController.m */; };
		3ED78A1C1522E92E00FE5C69 /* Piggyback.xcdatamodeld in Sources */ = {isa = PBXBuildFile; fileRef = 3ED78A1A1522E92E00FE5C69 /* Piggyback.xcdatamodeld */; };
		3ED78A381523277700FE5C69 /* blackArrow.png in Resources */ = {isa = PBXBuildFile; fileRef = 3ED78A301523277600FE5C69 /* blackArrow.png */; };
		3ED78A391523277700FE5C69 /* blackArrow@2x.png in Resources */ = {isa = PBXBuildFile; fileRef = 3ED78A311523277600FE5C69 /* blackArrow@2x.png */; };
		3ED78A3A1523277700FE5C69 /* blueArrow.png in Resources */ = {isa = PBXBuildFile; fileRef = 3ED78A321523277700FE5C69 /* blueArrow.png */; };
		3ED78A3B1523277700FE5C69 /* blueArrow@2x.png in Resources */ = {isa = PBXBuildFile; fileRef = 3ED78A331523277700FE5C69 /* blueArrow@2x.png */; };
		3ED78A3C1523277700FE5C69 /* grayArrow.png in Resources */ = {isa = PBXBuildFile; fileRef = 3ED78A341523277700FE5C69 /* grayArrow.png */; };
		3ED78A3D1523277700FE5C69 /* grayArrow@2x.png in Resources */ = {isa = PBXBuildFile; fileRef = 3ED78A351523277700FE5C69 /* grayArrow@2x.png */; };
		3ED78A3E1523277700FE5C69 /* whiteArrow.png in Resources */ = {isa = PBXBuildFile; fileRef = 3ED78A361523277700FE5C69 /* whiteArrow.png */; };
		3ED78A3F1523277700FE5C69 /* whiteArrow@2x.png in Resources */ = {isa = PBXBuildFile; fileRef = 3ED78A371523277700FE5C69 /* whiteArrow@2x.png */; };
		3EFDB52F15017C6500CC57A8 /* FBDialog.bundle in Resources */ = {isa = PBXBuildFile; fileRef = 3EFDB52215017C6500CC57A8 /* FBDialog.bundle */; };
		3EFDB53015017C6500CC57A8 /* libfacebook_ios_sdk.a in Frameworks */ = {isa = PBXBuildFile; fileRef = 3EFDB52815017C6500CC57A8 /* libfacebook_ios_sdk.a */; };
		4F4DACB2151AD58200E6E65C /* Icon.png in Resources */ = {isa = PBXBuildFile; fileRef = 4F4DACB0151AD58200E6E65C /* Icon.png */; };
		4F4DACB3151AD58200E6E65C /* Icon@2x.png in Resources */ = {isa = PBXBuildFile; fileRef = 4F4DACB1151AD58200E6E65C /* Icon@2x.png */; };
		F936AB7F1508F12F0019F191 /* PBVendorReferralComment.m in Sources */ = {isa = PBXBuildFile; fileRef = F936AB7E1508F12F0019F191 /* PBVendorReferralComment.m */; };
		F936AB82150A2B800019F191 /* ReferralCommentTableCell.m in Sources */ = {isa = PBXBuildFile; fileRef = F936AB81150A2B7F0019F191 /* ReferralCommentTableCell.m */; };
		F936AB85150A5AC70019F191 /* Constants.m in Sources */ = {isa = PBXBuildFile; fileRef = F936AB84150A5AC60019F191 /* Constants.m */; };
		F9645D9015121F4D00A6B0F7 /* CoreLocation.framework in Frameworks */ = {isa = PBXBuildFile; fileRef = F956DE521511E58D00187A27 /* CoreLocation.framework */; };
		F9645D9315121FD100A6B0F7 /* LocationController.m in Sources */ = {isa = PBXBuildFile; fileRef = F9645D9215121FD100A6B0F7 /* LocationController.m */; };
		F985B431150F5097002791B2 /* PBInboxItem.m in Sources */ = {isa = PBXBuildFile; fileRef = F985B430150F5097002791B2 /* PBInboxItem.m */; };
		F985B437150FE9D0002791B2 /* InboxTableViewController.m in Sources */ = {isa = PBXBuildFile; fileRef = F985B436150FE9D0002791B2 /* InboxTableViewController.m */; };
		F985B43A151010F2002791B2 /* InboxTableCell.m in Sources */ = {isa = PBXBuildFile; fileRef = F985B439151010F2002791B2 /* InboxTableCell.m */; };
		F9B74038151934E9005D125B /* VendorInfoTableCell.m in Sources */ = {isa = PBXBuildFile; fileRef = F9B74037151934E9005D125B /* VendorInfoTableCell.m */; };
		F9B9B620150193810002BCDE /* CFNetwork.framework in Frameworks */ = {isa = PBXBuildFile; fileRef = F9B9B61F150193810002BCDE /* CFNetwork.framework */; };
		F9B9B622150193880002BCDE /* CoreData.framework in Frameworks */ = {isa = PBXBuildFile; fileRef = F9B9B621150193880002BCDE /* CoreData.framework */; };
		F9B9B624150193920002BCDE /* MobileCoreServices.framework in Frameworks */ = {isa = PBXBuildFile; fileRef = F9B9B623150193920002BCDE /* MobileCoreServices.framework */; };
		F9B9B6261501939A0002BCDE /* Security.framework in Frameworks */ = {isa = PBXBuildFile; fileRef = F9B9B6251501939A0002BCDE /* Security.framework */; };
		F9B9B628150193A30002BCDE /* SystemConfiguration.framework in Frameworks */ = {isa = PBXBuildFile; fileRef = F9B9B627150193A30002BCDE /* SystemConfiguration.framework */; };
		F9B9B62A150193AC0002BCDE /* QuartzCore.framework in Frameworks */ = {isa = PBXBuildFile; fileRef = F9B9B629150193AC0002BCDE /* QuartzCore.framework */; };
		F9B9B62C150193B60002BCDE /* libxml2.dylib in Frameworks */ = {isa = PBXBuildFile; fileRef = F9B9B62B150193B60002BCDE /* libxml2.dylib */; };
		F9D0BDBB1508B76000D963B7 /* PBVendor.m in Sources */ = {isa = PBXBuildFile; fileRef = F9D0BDBA1508B76000D963B7 /* PBVendor.m */; };
		F9D0BDBE1508BC9000D963B7 /* VendorViewController.m in Sources */ = {isa = PBXBuildFile; fileRef = F9D0BDBD1508BC8F00D963B7 /* VendorViewController.m */; };
/* End PBXBuildFile section */

/* Begin PBXContainerItemProxy section */
		3E0EAB9B15288860008CB78C /* PBXContainerItemProxy */ = {
			isa = PBXContainerItemProxy;
			containerPortal = 3E0EAB9115288860008CB78C /* RestKit.xcodeproj */;
			proxyType = 2;
			remoteGlobalIDString = 25160D1614564E810060A5C5;
			remoteInfo = RestKit;
		};
		3E0EAB9D15288860008CB78C /* PBXContainerItemProxy */ = {
			isa = PBXContainerItemProxy;
			containerPortal = 3E0EAB9115288860008CB78C /* RestKit.xcodeproj */;
			proxyType = 2;
			remoteGlobalIDString = 25160D2614564E820060A5C5;
			remoteInfo = RestKitTests;
		};
		3E0EAB9F15288860008CB78C /* PBXContainerItemProxy */ = {
			isa = PBXContainerItemProxy;
			containerPortal = 3E0EAB9115288860008CB78C /* RestKit.xcodeproj */;
			proxyType = 2;
			remoteGlobalIDString = 25160E62145651060060A5C5;
			remoteInfo = RestKitFramework;
		};
		3E0EABA115288860008CB78C /* PBXContainerItemProxy */ = {
			isa = PBXContainerItemProxy;
			containerPortal = 3E0EAB9115288860008CB78C /* RestKit.xcodeproj */;
			proxyType = 2;
			remoteGlobalIDString = 25160E78145651060060A5C5;
			remoteInfo = RestKitFrameworkTests;
		};
		3E0EABA4152888FF008CB78C /* PBXContainerItemProxy */ = {
			isa = PBXContainerItemProxy;
			containerPortal = 3E0EAB9115288860008CB78C /* RestKit.xcodeproj */;
			proxyType = 1;
			remoteGlobalIDString = 25160D1514564E810060A5C5;
			remoteInfo = RestKit;
		};
/* End PBXContainerItemProxy section */

/* Begin PBXFileReference section */
		3E0EAB9115288860008CB78C /* RestKit.xcodeproj */ = {isa = PBXFileReference; lastKnownFileType = "wrapper.pb-project"; name = RestKit.xcodeproj; path = RestKit/RestKit.xcodeproj; sourceTree = "<group>"; };
		3E193F4A15144E9600D80BB8 /* EmptyIndividualListTableViewController.h */ = {isa = PBXFileReference; fileEncoding = 4; lastKnownFileType = sourcecode.c.h; path = EmptyIndividualListTableViewController.h; sourceTree = "<group>"; };
		3E193F4B15144E9600D80BB8 /* EmptyIndividualListTableViewController.m */ = {isa = PBXFileReference; fileEncoding = 4; lastKnownFileType = sourcecode.c.objc; path = EmptyIndividualListTableViewController.m; sourceTree = "<group>"; };
		3E36D55E152331F0001C9070 /* EGORefreshTableHeaderView.h */ = {isa = PBXFileReference; fileEncoding = 4; lastKnownFileType = sourcecode.c.h; path = EGORefreshTableHeaderView.h; sourceTree = "<group>"; };
		3E36D55F152331F0001C9070 /* EGORefreshTableHeaderView.m */ = {isa = PBXFileReference; fileEncoding = 4; lastKnownFileType = sourcecode.c.objc; path = EGORefreshTableHeaderView.m; sourceTree = "<group>"; };
		3E3BDF3B150D9FD200C1C81C /* PBListEntry.h */ = {isa = PBXFileReference; fileEncoding = 4; lastKnownFileType = sourcecode.c.h; name = PBListEntry.h; path = Piggyback/PBListEntry.h; sourceTree = "<group>"; };
		3E3BDF3C150D9FD200C1C81C /* PBListEntry.m */ = {isa = PBXFileReference; fileEncoding = 4; lastKnownFileType = sourcecode.c.objc; name = PBListEntry.m; path = Piggyback/PBListEntry.m; sourceTree = "<group>"; };
		3E47337C1519A78200083B53 /* blue_square@2x.png */ = {isa = PBXFileReference; lastKnownFileType = image.png; path = "blue_square@2x.png"; sourceTree = "<group>"; };
		3E47FED2152C113A00421FFE /* PBVendorPhoto.h */ = {isa = PBXFileReference; fileEncoding = 4; lastKnownFileType = sourcecode.c.h; path = PBVendorPhoto.h; sourceTree = "<group>"; };
		3E47FED3152C113A00421FFE /* PBVendorPhoto.m */ = {isa = PBXFileReference; fileEncoding = 4; lastKnownFileType = sourcecode.c.objc; path = PBVendorPhoto.m; sourceTree = "<group>"; };
		3E47FED5152C16BD00421FFE /* no_photo.png */ = {isa = PBXFileReference; lastKnownFileType = image.png; path = no_photo.png; sourceTree = "<group>"; };
		3E5400E31519677E0078CFC2 /* geolocation_icon.png */ = {isa = PBXFileReference; lastKnownFileType = image.png; path = geolocation_icon.png; sourceTree = "<group>"; };
		3E5400E5151967B80078CFC2 /* phone_icon.png */ = {isa = PBXFileReference; lastKnownFileType = image.png; path = phone_icon.png; sourceTree = "<group>"; };
		3E587E851519614400C7E3EF /* inbox_tabbar_icon.png */ = {isa = PBXFileReference; lastKnownFileType = image.png; path = inbox_tabbar_icon.png; sourceTree = "<group>"; };
		3E587E861519614400C7E3EF /* inbox_tabbar_icon@2x.png */ = {isa = PBXFileReference; lastKnownFileType = image.png; path = "inbox_tabbar_icon@2x.png"; sourceTree = "<group>"; };
		3E734B701508C24C003FD9CB /* PBUser.h */ = {isa = PBXFileReference; fileEncoding = 4; lastKnownFileType = sourcecode.c.h; name = PBUser.h; path = Piggyback/PBUser.h; sourceTree = "<group>"; };
		3E734B711508C24C003FD9CB /* PBUser.m */ = {isa = PBXFileReference; fileEncoding = 4; lastKnownFileType = sourcecode.c.objc; name = PBUser.m; path = Piggyback/PBUser.m; sourceTree = "<group>"; };
		3E734B731508F4AA003FD9CB /* ListsTableViewController.h */ = {isa = PBXFileReference; fileEncoding = 4; lastKnownFileType = sourcecode.c.h; path = ListsTableViewController.h; sourceTree = "<group>"; };
		3E734B741508F4AA003FD9CB /* ListsTableViewController.m */ = {isa = PBXFileReference; fileEncoding = 4; lastKnownFileType = sourcecode.c.objc; path = ListsTableViewController.m; sourceTree = "<group>"; };
		3E734B761508F983003FD9CB /* PBList.h */ = {isa = PBXFileReference; fileEncoding = 4; lastKnownFileType = sourcecode.c.h; name = PBList.h; path = Piggyback/PBList.h; sourceTree = "<group>"; };
		3E734B771508F983003FD9CB /* PBList.m */ = {isa = PBXFileReference; fileEncoding = 4; lastKnownFileType = sourcecode.c.objc; name = PBList.m; path = Piggyback/PBList.m; sourceTree = "<group>"; };
		3E7429361505956A005A272C /* LoginWithFacebookNormal.png */ = {isa = PBXFileReference; lastKnownFileType = image.png; name = LoginWithFacebookNormal.png; path = "../facebook-ios-sdk/FBConnect.bundle/images/LoginWithFacebookNormal.png"; sourceTree = "<group>"; };
		3E9472F615008EF900A261DD /* Piggyback.app */ = {isa = PBXFileReference; explicitFileType = wrapper.application; includeInIndex = 0; path = Piggyback.app; sourceTree = BUILT_PRODUCTS_DIR; };
		3E9472FA15008EF900A261DD /* UIKit.framework */ = {isa = PBXFileReference; lastKnownFileType = wrapper.framework; name = UIKit.framework; path = System/Library/Frameworks/UIKit.framework; sourceTree = SDKROOT; };
		3E9472FC15008EF900A261DD /* Foundation.framework */ = {isa = PBXFileReference; lastKnownFileType = wrapper.framework; name = Foundation.framework; path = System/Library/Frameworks/Foundation.framework; sourceTree = SDKROOT; };
		3E9472FE15008EF900A261DD /* CoreGraphics.framework */ = {isa = PBXFileReference; lastKnownFileType = wrapper.framework; name = CoreGraphics.framework; path = System/Library/Frameworks/CoreGraphics.framework; sourceTree = SDKROOT; };
		3E94730215008EF900A261DD /* Piggyback-Info.plist */ = {isa = PBXFileReference; lastKnownFileType = text.plist.xml; path = "Piggyback-Info.plist"; sourceTree = "<group>"; };
		3E94730415008EF900A261DD /* en */ = {isa = PBXFileReference; lastKnownFileType = text.plist.strings; name = en; path = en.lproj/InfoPlist.strings; sourceTree = "<group>"; };
		3E94730615008EF900A261DD /* main.m */ = {isa = PBXFileReference; lastKnownFileType = sourcecode.c.objc; path = main.m; sourceTree = "<group>"; };
		3E94730815008EF900A261DD /* Piggyback-Prefix.pch */ = {isa = PBXFileReference; lastKnownFileType = sourcecode.c.h; path = "Piggyback-Prefix.pch"; sourceTree = "<group>"; };
		3E94730915008EF900A261DD /* PiggybackAppDelegate.h */ = {isa = PBXFileReference; lastKnownFileType = sourcecode.c.h; path = PiggybackAppDelegate.h; sourceTree = "<group>"; };
		3E94730A15008EF900A261DD /* PiggybackAppDelegate.m */ = {isa = PBXFileReference; lastKnownFileType = sourcecode.c.objc; path = PiggybackAppDelegate.m; sourceTree = "<group>"; };
		3E94730D15008EF900A261DD /* en */ = {isa = PBXFileReference; lastKnownFileType = file.storyboard; name = en; path = en.lproj/MainStoryboard_iPhone.storyboard; sourceTree = "<group>"; };
		3E94731215008EF900A261DD /* LoginViewController.h */ = {isa = PBXFileReference; lastKnownFileType = sourcecode.c.h; path = LoginViewController.h; sourceTree = "<group>"; };
		3E94731315008EF900A261DD /* LoginViewController.m */ = {isa = PBXFileReference; lastKnownFileType = sourcecode.c.objc; path = LoginViewController.m; sourceTree = "<group>"; };
		3E9795C7150EAFDF00E0E662 /* IndividualListViewController.h */ = {isa = PBXFileReference; fileEncoding = 4; lastKnownFileType = sourcecode.c.h; path = IndividualListViewController.h; sourceTree = "<group>"; };
		3E9795C8150EAFDF00E0E662 /* IndividualListViewController.m */ = {isa = PBXFileReference; fileEncoding = 4; lastKnownFileType = sourcecode.c.objc; path = IndividualListViewController.m; sourceTree = "<group>"; };
		3EAC2AF3152157FF00B69392 /* login_bg@2x.png */ = {isa = PBXFileReference; lastKnownFileType = image.png; path = "login_bg@2x.png"; sourceTree = "<group>"; };
		3EAC2AF4152157FF00B69392 /* login_bg.png */ = {isa = PBXFileReference; lastKnownFileType = image.png; path = login_bg.png; sourceTree = "<group>"; };
		3EB2BB8B15183BDC0034820F /* list_tabbar_icon@2x.png */ = {isa = PBXFileReference; lastKnownFileType = image.png; path = "list_tabbar_icon@2x.png"; sourceTree = "<group>"; };
		3EB2BB8E15183C5B0034820F /* list_tabbar_icon.png */ = {isa = PBXFileReference; lastKnownFileType = image.png; path = list_tabbar_icon.png; sourceTree = "<group>"; };
		3EB2BB971518964F0034820F /* PiggybackNavigationController.h */ = {isa = PBXFileReference; fileEncoding = 4; lastKnownFileType = sourcecode.c.h; path = PiggybackNavigationController.h; sourceTree = "<group>"; };
		3EB2BB981518964F0034820F /* PiggybackNavigationController.m */ = {isa = PBXFileReference; fileEncoding = 4; lastKnownFileType = sourcecode.c.objc; path = PiggybackNavigationController.m; sourceTree = "<group>"; };
		3EB2D042150580600028E664 /* FBConnect.bundle */ = {isa = PBXFileReference; lastKnownFileType = "wrapper.plug-in"; path = FBConnect.bundle; sourceTree = "<group>"; };
		3EB580371519608800EA329C /* geolocation_icon@2x.png */ = {isa = PBXFileReference; lastKnownFileType = image.png; path = "geolocation_icon@2x.png"; sourceTree = "<group>"; };
		3EB580391519609200EA329C /* phone_icon@2x.png */ = {isa = PBXFileReference; lastKnownFileType = image.png; path = "phone_icon@2x.png"; sourceTree = "<group>"; };
		3EB5B3C5151953E10009980F /* piggyback_titlebar.png */ = {isa = PBXFileReference; lastKnownFileType = image.png; path = piggyback_titlebar.png; sourceTree = "<group>"; };
		3EB5B3C6151953E10009980F /* piggyback_titlebar@2x.png */ = {isa = PBXFileReference; lastKnownFileType = image.png; path = "piggyback_titlebar@2x.png"; sourceTree = "<group>"; };
		3EB5B3C91519541F0009980F /* piggyback_titlebar_background.png */ = {isa = PBXFileReference; lastKnownFileType = image.png; path = piggyback_titlebar_background.png; sourceTree = "<group>"; };
		3EB5B3CA1519541F0009980F /* piggyback_titlebar_background@2x.png */ = {isa = PBXFileReference; lastKnownFileType = image.png; path = "piggyback_titlebar_background@2x.png"; sourceTree = "<group>"; };
		3EB62AED152159E90071B0C4 /* LoginWithFacebookNormal@2x.png */ = {isa = PBXFileReference; lastKnownFileType = image.png; name = "LoginWithFacebookNormal@2x.png"; path = "../facebook-ios-sdk/FBConnect.bundle/images/LoginWithFacebookNormal@2x.png"; sourceTree = "<group>"; };
		3EBA711A1514B7810043A4F9 /* ListEntryTableViewCell.h */ = {isa = PBXFileReference; fileEncoding = 4; lastKnownFileType = sourcecode.c.h; name = ListEntryTableViewCell.h; path = Piggyback/ListEntryTableViewCell.h; sourceTree = "<group>"; };
		3EBA711B1514B7810043A4F9 /* ListEntryTableViewCell.m */ = {isa = PBXFileReference; fileEncoding = 4; lastKnownFileType = sourcecode.c.objc; name = ListEntryTableViewCell.m; path = Piggyback/ListEntryTableViewCell.m; sourceTree = "<group>"; };
		3EBD2CF0150A0C9800715DD0 /* PiggybackTabBarController.h */ = {isa = PBXFileReference; fileEncoding = 4; lastKnownFileType = sourcecode.c.h; path = PiggybackTabBarController.h; sourceTree = "<group>"; };
		3EBD2CF1150A0C9800715DD0 /* PiggybackTabBarController.m */ = {isa = PBXFileReference; fileEncoding = 4; lastKnownFileType = sourcecode.c.objc; path = PiggybackTabBarController.m; sourceTree = "<group>"; };
		3ED78A171522DF6500FE5C69 /* CoreDataTableViewController.h */ = {isa = PBXFileReference; lastKnownFileType = sourcecode.c.h; path = CoreDataTableViewController.h; sourceTree = "<group>"; };
		3ED78A181522DF6500FE5C69 /* CoreDataTableViewController.m */ = {isa = PBXFileReference; lastKnownFileType = sourcecode.c.objc; path = CoreDataTableViewController.m; sourceTree = "<group>"; };
		3ED78A1B1522E92E00FE5C69 /* Piggyback.xcdatamodel */ = {isa = PBXFileReference; lastKnownFileType = wrapper.xcdatamodel; path = Piggyback.xcdatamodel; sourceTree = "<group>"; };
		3ED78A301523277600FE5C69 /* blackArrow.png */ = {isa = PBXFileReference; lastKnownFileType = image.png; path = blackArrow.png; sourceTree = "<group>"; };
		3ED78A311523277600FE5C69 /* blackArrow@2x.png */ = {isa = PBXFileReference; lastKnownFileType = image.png; path = "blackArrow@2x.png"; sourceTree = "<group>"; };
		3ED78A321523277700FE5C69 /* blueArrow.png */ = {isa = PBXFileReference; lastKnownFileType = image.png; path = blueArrow.png; sourceTree = "<group>"; };
		3ED78A331523277700FE5C69 /* blueArrow@2x.png */ = {isa = PBXFileReference; lastKnownFileType = image.png; path = "blueArrow@2x.png"; sourceTree = "<group>"; };
		3ED78A341523277700FE5C69 /* grayArrow.png */ = {isa = PBXFileReference; lastKnownFileType = image.png; path = grayArrow.png; sourceTree = "<group>"; };
		3ED78A351523277700FE5C69 /* grayArrow@2x.png */ = {isa = PBXFileReference; lastKnownFileType = image.png; path = "grayArrow@2x.png"; sourceTree = "<group>"; };
		3ED78A361523277700FE5C69 /* whiteArrow.png */ = {isa = PBXFileReference; lastKnownFileType = image.png; path = whiteArrow.png; sourceTree = "<group>"; };
		3ED78A371523277700FE5C69 /* whiteArrow@2x.png */ = {isa = PBXFileReference; lastKnownFileType = image.png; path = "whiteArrow@2x.png"; sourceTree = "<group>"; };
		3EFDB52015017C6500CC57A8 /* Facebook.h */ = {isa = PBXFileReference; fileEncoding = 4; lastKnownFileType = sourcecode.c.h; path = Facebook.h; sourceTree = "<group>"; };
		3EFDB52115017C6500CC57A8 /* FBConnect.h */ = {isa = PBXFileReference; fileEncoding = 4; lastKnownFileType = sourcecode.c.h; path = FBConnect.h; sourceTree = "<group>"; };
		3EFDB52215017C6500CC57A8 /* FBDialog.bundle */ = {isa = PBXFileReference; lastKnownFileType = "wrapper.plug-in"; path = FBDialog.bundle; sourceTree = "<group>"; };
		3EFDB52315017C6500CC57A8 /* FBDialog.h */ = {isa = PBXFileReference; fileEncoding = 4; lastKnownFileType = sourcecode.c.h; path = FBDialog.h; sourceTree = "<group>"; };
		3EFDB52415017C6500CC57A8 /* FBFrictionlessRequestSettings.h */ = {isa = PBXFileReference; fileEncoding = 4; lastKnownFileType = sourcecode.c.h; path = FBFrictionlessRequestSettings.h; sourceTree = "<group>"; };
		3EFDB52515017C6500CC57A8 /* FBLoginDialog.h */ = {isa = PBXFileReference; fileEncoding = 4; lastKnownFileType = sourcecode.c.h; path = FBLoginDialog.h; sourceTree = "<group>"; };
		3EFDB52615017C6500CC57A8 /* FBRequest.h */ = {isa = PBXFileReference; fileEncoding = 4; lastKnownFileType = sourcecode.c.h; path = FBRequest.h; sourceTree = "<group>"; };
		3EFDB52715017C6500CC57A8 /* JSON.h */ = {isa = PBXFileReference; fileEncoding = 4; lastKnownFileType = sourcecode.c.h; path = JSON.h; sourceTree = "<group>"; };
		3EFDB52815017C6500CC57A8 /* libfacebook_ios_sdk.a */ = {isa = PBXFileReference; lastKnownFileType = archive.ar; path = libfacebook_ios_sdk.a; sourceTree = "<group>"; };
		3EFDB52915017C6500CC57A8 /* NSObject+SBJSON.h */ = {isa = PBXFileReference; fileEncoding = 4; lastKnownFileType = sourcecode.c.h; path = "NSObject+SBJSON.h"; sourceTree = "<group>"; };
		3EFDB52A15017C6500CC57A8 /* NSString+SBJSON.h */ = {isa = PBXFileReference; fileEncoding = 4; lastKnownFileType = sourcecode.c.h; path = "NSString+SBJSON.h"; sourceTree = "<group>"; };
		3EFDB52B15017C6500CC57A8 /* SBJSON.h */ = {isa = PBXFileReference; fileEncoding = 4; lastKnownFileType = sourcecode.c.h; path = SBJSON.h; sourceTree = "<group>"; };
		3EFDB52C15017C6500CC57A8 /* SBJsonBase.h */ = {isa = PBXFileReference; fileEncoding = 4; lastKnownFileType = sourcecode.c.h; path = SBJsonBase.h; sourceTree = "<group>"; };
		3EFDB52D15017C6500CC57A8 /* SBJsonParser.h */ = {isa = PBXFileReference; fileEncoding = 4; lastKnownFileType = sourcecode.c.h; path = SBJsonParser.h; sourceTree = "<group>"; };
		3EFDB52E15017C6500CC57A8 /* SBJsonWriter.h */ = {isa = PBXFileReference; fileEncoding = 4; lastKnownFileType = sourcecode.c.h; path = SBJsonWriter.h; sourceTree = "<group>"; };
		4F4DACB0151AD58200E6E65C /* Icon.png */ = {isa = PBXFileReference; lastKnownFileType = image.png; path = Icon.png; sourceTree = "<group>"; };
		4F4DACB1151AD58200E6E65C /* Icon@2x.png */ = {isa = PBXFileReference; lastKnownFileType = image.png; path = "Icon@2x.png"; sourceTree = "<group>"; };
		F936AB7D1508F12F0019F191 /* PBVendorReferralComment.h */ = {isa = PBXFileReference; fileEncoding = 4; lastKnownFileType = sourcecode.c.h; name = PBVendorReferralComment.h; path = Piggyback/PBVendorReferralComment.h; sourceTree = "<group>"; };
		F936AB7E1508F12F0019F191 /* PBVendorReferralComment.m */ = {isa = PBXFileReference; fileEncoding = 4; lastKnownFileType = sourcecode.c.objc; name = PBVendorReferralComment.m; path = Piggyback/PBVendorReferralComment.m; sourceTree = "<group>"; };
		F936AB80150A2B7F0019F191 /* ReferralCommentTableCell.h */ = {isa = PBXFileReference; fileEncoding = 4; lastKnownFileType = sourcecode.c.h; name = ReferralCommentTableCell.h; path = Piggyback/ReferralCommentTableCell.h; sourceTree = "<group>"; };
		F936AB81150A2B7F0019F191 /* ReferralCommentTableCell.m */ = {isa = PBXFileReference; fileEncoding = 4; lastKnownFileType = sourcecode.c.objc; name = ReferralCommentTableCell.m; path = Piggyback/ReferralCommentTableCell.m; sourceTree = "<group>"; };
		F936AB83150A5AC60019F191 /* Constants.h */ = {isa = PBXFileReference; fileEncoding = 4; lastKnownFileType = sourcecode.c.h; path = Constants.h; sourceTree = "<group>"; };
		F936AB84150A5AC60019F191 /* Constants.m */ = {isa = PBXFileReference; fileEncoding = 4; lastKnownFileType = sourcecode.c.objc; path = Constants.m; sourceTree = "<group>"; };
		F956DE521511E58D00187A27 /* CoreLocation.framework */ = {isa = PBXFileReference; lastKnownFileType = wrapper.framework; name = CoreLocation.framework; path = System/Library/Frameworks/CoreLocation.framework; sourceTree = SDKROOT; };
		F9645D9115121FD100A6B0F7 /* LocationController.h */ = {isa = PBXFileReference; fileEncoding = 4; lastKnownFileType = sourcecode.c.h; path = LocationController.h; sourceTree = "<group>"; };
		F9645D9215121FD100A6B0F7 /* LocationController.m */ = {isa = PBXFileReference; fileEncoding = 4; lastKnownFileType = sourcecode.c.objc; path = LocationController.m; sourceTree = "<group>"; };
		F985B42F150F5097002791B2 /* PBInboxItem.h */ = {isa = PBXFileReference; fileEncoding = 4; lastKnownFileType = sourcecode.c.h; name = PBInboxItem.h; path = Piggyback/PBInboxItem.h; sourceTree = "<group>"; };
		F985B430150F5097002791B2 /* PBInboxItem.m */ = {isa = PBXFileReference; fileEncoding = 4; lastKnownFileType = sourcecode.c.objc; name = PBInboxItem.m; path = Piggyback/PBInboxItem.m; sourceTree = "<group>"; };
		F985B435150FE9CF002791B2 /* InboxTableViewController.h */ = {isa = PBXFileReference; fileEncoding = 4; lastKnownFileType = sourcecode.c.h; path = InboxTableViewController.h; sourceTree = "<group>"; };
		F985B436150FE9D0002791B2 /* InboxTableViewController.m */ = {isa = PBXFileReference; fileEncoding = 4; lastKnownFileType = sourcecode.c.objc; path = InboxTableViewController.m; sourceTree = "<group>"; };
		F985B438151010F2002791B2 /* InboxTableCell.h */ = {isa = PBXFileReference; fileEncoding = 4; lastKnownFileType = sourcecode.c.h; name = InboxTableCell.h; path = Piggyback/InboxTableCell.h; sourceTree = "<group>"; };
		F985B439151010F2002791B2 /* InboxTableCell.m */ = {isa = PBXFileReference; fileEncoding = 4; lastKnownFileType = sourcecode.c.objc; name = InboxTableCell.m; path = Piggyback/InboxTableCell.m; sourceTree = "<group>"; };
		F9B74036151934E9005D125B /* VendorInfoTableCell.h */ = {isa = PBXFileReference; fileEncoding = 4; lastKnownFileType = sourcecode.c.h; name = VendorInfoTableCell.h; path = Piggyback/VendorInfoTableCell.h; sourceTree = "<group>"; };
		F9B74037151934E9005D125B /* VendorInfoTableCell.m */ = {isa = PBXFileReference; fileEncoding = 4; lastKnownFileType = sourcecode.c.objc; name = VendorInfoTableCell.m; path = Piggyback/VendorInfoTableCell.m; sourceTree = "<group>"; };
		F9B9B61F150193810002BCDE /* CFNetwork.framework */ = {isa = PBXFileReference; lastKnownFileType = wrapper.framework; name = CFNetwork.framework; path = System/Library/Frameworks/CFNetwork.framework; sourceTree = SDKROOT; };
		F9B9B621150193880002BCDE /* CoreData.framework */ = {isa = PBXFileReference; lastKnownFileType = wrapper.framework; name = CoreData.framework; path = System/Library/Frameworks/CoreData.framework; sourceTree = SDKROOT; };
		F9B9B623150193920002BCDE /* MobileCoreServices.framework */ = {isa = PBXFileReference; lastKnownFileType = wrapper.framework; name = MobileCoreServices.framework; path = System/Library/Frameworks/MobileCoreServices.framework; sourceTree = SDKROOT; };
		F9B9B6251501939A0002BCDE /* Security.framework */ = {isa = PBXFileReference; lastKnownFileType = wrapper.framework; name = Security.framework; path = System/Library/Frameworks/Security.framework; sourceTree = SDKROOT; };
		F9B9B627150193A30002BCDE /* SystemConfiguration.framework */ = {isa = PBXFileReference; lastKnownFileType = wrapper.framework; name = SystemConfiguration.framework; path = System/Library/Frameworks/SystemConfiguration.framework; sourceTree = SDKROOT; };
		F9B9B629150193AC0002BCDE /* QuartzCore.framework */ = {isa = PBXFileReference; lastKnownFileType = wrapper.framework; name = QuartzCore.framework; path = System/Library/Frameworks/QuartzCore.framework; sourceTree = SDKROOT; };
		F9B9B62B150193B60002BCDE /* libxml2.dylib */ = {isa = PBXFileReference; lastKnownFileType = "compiled.mach-o.dylib"; name = libxml2.dylib; path = usr/lib/libxml2.dylib; sourceTree = SDKROOT; };
		F9D0BDB91508B76000D963B7 /* PBVendor.h */ = {isa = PBXFileReference; fileEncoding = 4; lastKnownFileType = sourcecode.c.h; name = PBVendor.h; path = Piggyback/PBVendor.h; sourceTree = "<group>"; };
		F9D0BDBA1508B76000D963B7 /* PBVendor.m */ = {isa = PBXFileReference; fileEncoding = 4; lastKnownFileType = sourcecode.c.objc; name = PBVendor.m; path = Piggyback/PBVendor.m; sourceTree = "<group>"; };
		F9D0BDBC1508BC8F00D963B7 /* VendorViewController.h */ = {isa = PBXFileReference; fileEncoding = 4; lastKnownFileType = sourcecode.c.h; path = VendorViewController.h; sourceTree = "<group>"; };
		F9D0BDBD1508BC8F00D963B7 /* VendorViewController.m */ = {isa = PBXFileReference; fileEncoding = 4; lastKnownFileType = sourcecode.c.objc; path = VendorViewController.m; sourceTree = "<group>"; };
/* End PBXFileReference section */

/* Begin PBXFrameworksBuildPhase section */
		3E9472F315008EF900A261DD /* Frameworks */ = {
			isa = PBXFrameworksBuildPhase;
			buildActionMask = 2147483647;
			files = (
				3E0EABA61528891F008CB78C /* libRestKit.a in Frameworks */,
				F9645D9015121F4D00A6B0F7 /* CoreLocation.framework in Frameworks */,
				F9B9B62C150193B60002BCDE /* libxml2.dylib in Frameworks */,
				F9B9B62A150193AC0002BCDE /* QuartzCore.framework in Frameworks */,
				F9B9B628150193A30002BCDE /* SystemConfiguration.framework in Frameworks */,
				F9B9B6261501939A0002BCDE /* Security.framework in Frameworks */,
				F9B9B624150193920002BCDE /* MobileCoreServices.framework in Frameworks */,
				F9B9B622150193880002BCDE /* CoreData.framework in Frameworks */,
				F9B9B620150193810002BCDE /* CFNetwork.framework in Frameworks */,
				3E9472FB15008EF900A261DD /* UIKit.framework in Frameworks */,
				3E9472FD15008EF900A261DD /* Foundation.framework in Frameworks */,
				3E9472FF15008EF900A261DD /* CoreGraphics.framework in Frameworks */,
				3EFDB53015017C6500CC57A8 /* libfacebook_ios_sdk.a in Frameworks */,
			);
			runOnlyForDeploymentPostprocessing = 0;
		};
/* End PBXFrameworksBuildPhase section */

/* Begin PBXGroup section */
		3E0EAB9215288860008CB78C /* Products */ = {
			isa = PBXGroup;
			children = (
				3E0EAB9C15288860008CB78C /* libRestKit.a */,
				3E0EAB9E15288860008CB78C /* RestKitTests.octest */,
				3E0EABA015288860008CB78C /* RestKit.framework */,
				3E0EABA215288860008CB78C /* RestKitFrameworkTests.octest */,
			);
			name = Products;
			sourceTree = "<group>";
		};
		3E9472EB15008EF900A261DD = {
			isa = PBXGroup;
			children = (
				3E94730015008EF900A261DD /* Piggyback */,
				3E9472F915008EF900A261DD /* Frameworks */,
				3E9472F715008EF900A261DD /* Products */,
			);
			sourceTree = "<group>";
		};
		3E9472F715008EF900A261DD /* Products */ = {
			isa = PBXGroup;
			children = (
				3E9472F615008EF900A261DD /* Piggyback.app */,
			);
			name = Products;
			sourceTree = "<group>";
		};
		3E9472F915008EF900A261DD /* Frameworks */ = {
			isa = PBXGroup;
			children = (
				F956DE521511E58D00187A27 /* CoreLocation.framework */,
				F9B9B62B150193B60002BCDE /* libxml2.dylib */,
				F9B9B629150193AC0002BCDE /* QuartzCore.framework */,
				F9B9B627150193A30002BCDE /* SystemConfiguration.framework */,
				F9B9B6251501939A0002BCDE /* Security.framework */,
				F9B9B623150193920002BCDE /* MobileCoreServices.framework */,
				F9B9B621150193880002BCDE /* CoreData.framework */,
				F9B9B61F150193810002BCDE /* CFNetwork.framework */,
				3E9472FA15008EF900A261DD /* UIKit.framework */,
				3E9472FC15008EF900A261DD /* Foundation.framework */,
				3E9472FE15008EF900A261DD /* CoreGraphics.framework */,
			);
			name = Frameworks;
			sourceTree = "<group>";
		};
		3E94730015008EF900A261DD /* Piggyback */ = {
			isa = PBXGroup;
			children = (
				3E94730C15008EF900A261DD /* MainStoryboard_iPhone.storyboard */,
				3ED78A1A1522E92E00FE5C69 /* Piggyback.xcdatamodeld */,
				3E94730915008EF900A261DD /* PiggybackAppDelegate.h */,
				3E94730A15008EF900A261DD /* PiggybackAppDelegate.m */,
				3EBD2CF0150A0C9800715DD0 /* PiggybackTabBarController.h */,
				3EBD2CF1150A0C9800715DD0 /* PiggybackTabBarController.m */,
				3EB2BB971518964F0034820F /* PiggybackNavigationController.h */,
				3EB2BB981518964F0034820F /* PiggybackNavigationController.m */,
				3E94731215008EF900A261DD /* LoginViewController.h */,
				3E94731315008EF900A261DD /* LoginViewController.m */,
				F985B435150FE9CF002791B2 /* InboxTableViewController.h */,
				F985B436150FE9D0002791B2 /* InboxTableViewController.m */,
				3E734B731508F4AA003FD9CB /* ListsTableViewController.h */,
				3E734B741508F4AA003FD9CB /* ListsTableViewController.m */,
				3E9795C7150EAFDF00E0E662 /* IndividualListViewController.h */,
				3E9795C8150EAFDF00E0E662 /* IndividualListViewController.m */,
				F9D0BDBC1508BC8F00D963B7 /* VendorViewController.h */,
				F9D0BDBD1508BC8F00D963B7 /* VendorViewController.m */,
				3E193F4A15144E9600D80BB8 /* EmptyIndividualListTableViewController.h */,
				3E193F4B15144E9600D80BB8 /* EmptyIndividualListTableViewController.m */,
				3ED78A171522DF6500FE5C69 /* CoreDataTableViewController.h */,
				3ED78A181522DF6500FE5C69 /* CoreDataTableViewController.m */,
				3E36D55E152331F0001C9070 /* EGORefreshTableHeaderView.h */,
				3E36D55F152331F0001C9070 /* EGORefreshTableHeaderView.m */,
				F929ACBC15121296008B7463 /* Views */,
				F929ACBB1512112D008B7463 /* PB API Classes */,
				3EFDB51C1501793200CC57A8 /* Resources */,
				3E94730115008EF900A261DD /* Supporting Files */,
				3ED78A191522E84600FE5C69 /* Libraries */,
			);
			path = Piggyback;
			sourceTree = "<group>";
		};
		3E94730115008EF900A261DD /* Supporting Files */ = {
			isa = PBXGroup;
			children = (
				F936AB83150A5AC60019F191 /* Constants.h */,
				F936AB84150A5AC60019F191 /* Constants.m */,
				F9645D9115121FD100A6B0F7 /* LocationController.h */,
				F9645D9215121FD100A6B0F7 /* LocationController.m */,
				3E94730215008EF900A261DD /* Piggyback-Info.plist */,
				3E94730315008EF900A261DD /* InfoPlist.strings */,
				3E94730615008EF900A261DD /* main.m */,
				3E94730815008EF900A261DD /* Piggyback-Prefix.pch */,
			);
			name = "Supporting Files";
			sourceTree = "<group>";
		};
		3ED78A191522E84600FE5C69 /* Libraries */ = {
			isa = PBXGroup;
			children = (
				3E0EAB9115288860008CB78C /* RestKit.xcodeproj */,
				3EFDB51F15017C6500CC57A8 /* facebook-ios-sdk */,
			);
			name = Libraries;
			path = ..;
			sourceTree = "<group>";
		};
		3EFDB51C1501793200CC57A8 /* Resources */ = {
			isa = PBXGroup;
			children = (
				3E47FED5152C16BD00421FFE /* no_photo.png */,
				3EAC2AF4152157FF00B69392 /* login_bg.png */,
				3EAC2AF3152157FF00B69392 /* login_bg@2x.png */,
				4F4DACB0151AD58200E6E65C /* Icon.png */,
				4F4DACB1151AD58200E6E65C /* Icon@2x.png */,
				3E47337C1519A78200083B53 /* blue_square@2x.png */,
				3E5400E31519677E0078CFC2 /* geolocation_icon.png */,
				3EB580371519608800EA329C /* geolocation_icon@2x.png */,
				3E5400E5151967B80078CFC2 /* phone_icon.png */,
				3EB580391519609200EA329C /* phone_icon@2x.png */,
				3EB5B3C91519541F0009980F /* piggyback_titlebar_background.png */,
				3EB5B3CA1519541F0009980F /* piggyback_titlebar_background@2x.png */,
				3EB5B3C5151953E10009980F /* piggyback_titlebar.png */,
				3EB5B3C6151953E10009980F /* piggyback_titlebar@2x.png */,
				3E587E851519614400C7E3EF /* inbox_tabbar_icon.png */,
				3E587E861519614400C7E3EF /* inbox_tabbar_icon@2x.png */,
				3EB2BB8E15183C5B0034820F /* list_tabbar_icon.png */,
				3EB2BB8B15183BDC0034820F /* list_tabbar_icon@2x.png */,
				3E7429361505956A005A272C /* LoginWithFacebookNormal.png */,
				3EB62AED152159E90071B0C4 /* LoginWithFacebookNormal@2x.png */,
				3ED78A301523277600FE5C69 /* blackArrow.png */,
				3ED78A311523277600FE5C69 /* blackArrow@2x.png */,
				3ED78A321523277700FE5C69 /* blueArrow.png */,
				3ED78A331523277700FE5C69 /* blueArrow@2x.png */,
				3ED78A341523277700FE5C69 /* grayArrow.png */,
				3ED78A351523277700FE5C69 /* grayArrow@2x.png */,
				3ED78A361523277700FE5C69 /* whiteArrow.png */,
				3ED78A371523277700FE5C69 /* whiteArrow@2x.png */,
			);
			name = Resources;
			sourceTree = "<group>";
		};
		3EFDB51F15017C6500CC57A8 /* facebook-ios-sdk */ = {
			isa = PBXGroup;
			children = (
				3EFDB52015017C6500CC57A8 /* Facebook.h */,
				3EB2D042150580600028E664 /* FBConnect.bundle */,
				3EFDB52115017C6500CC57A8 /* FBConnect.h */,
				3EFDB52215017C6500CC57A8 /* FBDialog.bundle */,
				3EFDB52315017C6500CC57A8 /* FBDialog.h */,
				3EFDB52415017C6500CC57A8 /* FBFrictionlessRequestSettings.h */,
				3EFDB52515017C6500CC57A8 /* FBLoginDialog.h */,
				3EFDB52615017C6500CC57A8 /* FBRequest.h */,
				3EFDB52715017C6500CC57A8 /* JSON.h */,
				3EFDB52815017C6500CC57A8 /* libfacebook_ios_sdk.a */,
				3EFDB52915017C6500CC57A8 /* NSObject+SBJSON.h */,
				3EFDB52A15017C6500CC57A8 /* NSString+SBJSON.h */,
				3EFDB52B15017C6500CC57A8 /* SBJSON.h */,
				3EFDB52C15017C6500CC57A8 /* SBJsonBase.h */,
				3EFDB52D15017C6500CC57A8 /* SBJsonParser.h */,
				3EFDB52E15017C6500CC57A8 /* SBJsonWriter.h */,
			);
			path = "facebook-ios-sdk";
			sourceTree = "<group>";
		};
		F929ACBB1512112D008B7463 /* PB API Classes */ = {
			isa = PBXGroup;
			children = (
				3E734B761508F983003FD9CB /* PBList.h */,
				3E734B771508F983003FD9CB /* PBList.m */,
				3E3BDF3B150D9FD200C1C81C /* PBListEntry.h */,
				3E3BDF3C150D9FD200C1C81C /* PBListEntry.m */,
				3E734B701508C24C003FD9CB /* PBUser.h */,
				3E734B711508C24C003FD9CB /* PBUser.m */,
				F9D0BDB91508B76000D963B7 /* PBVendor.h */,
				F9D0BDBA1508B76000D963B7 /* PBVendor.m */,
				3E47FED2152C113A00421FFE /* PBVendorPhoto.h */,
				3E47FED3152C113A00421FFE /* PBVendorPhoto.m */,
				F936AB7D1508F12F0019F191 /* PBVendorReferralComment.h */,
				F936AB7E1508F12F0019F191 /* PBVendorReferralComment.m */,
				F985B42F150F5097002791B2 /* PBInboxItem.h */,
				F985B430150F5097002791B2 /* PBInboxItem.m */,
			);
			name = "PB API Classes";
			path = ..;
			sourceTree = "<group>";
		};
		F929ACBC15121296008B7463 /* Views */ = {
			isa = PBXGroup;
			children = (
				3EBA711A1514B7810043A4F9 /* ListEntryTableViewCell.h */,
				3EBA711B1514B7810043A4F9 /* ListEntryTableViewCell.m */,
				F985B438151010F2002791B2 /* InboxTableCell.h */,
				F985B439151010F2002791B2 /* InboxTableCell.m */,
				F936AB80150A2B7F0019F191 /* ReferralCommentTableCell.h */,
				F936AB81150A2B7F0019F191 /* ReferralCommentTableCell.m */,
				F9B74036151934E9005D125B /* VendorInfoTableCell.h */,
				F9B74037151934E9005D125B /* VendorInfoTableCell.m */,
			);
			name = Views;
			path = ..;
			sourceTree = "<group>";
		};
/* End PBXGroup section */

/* Begin PBXNativeTarget section */
		3E9472F515008EF900A261DD /* Piggyback */ = {
			isa = PBXNativeTarget;
			buildConfigurationList = 3E94731715008EF900A261DD /* Build configuration list for PBXNativeTarget "Piggyback" */;
			buildPhases = (
				3E9472F215008EF900A261DD /* Sources */,
				3E9472F315008EF900A261DD /* Frameworks */,
				3E9472F415008EF900A261DD /* Resources */,
			);
			buildRules = (
			);
			dependencies = (
				3E0EABA5152888FF008CB78C /* PBXTargetDependency */,
			);
			name = Piggyback;
			productName = Piggyback;
			productReference = 3E9472F615008EF900A261DD /* Piggyback.app */;
			productType = "com.apple.product-type.application";
		};
/* End PBXNativeTarget section */

/* Begin PBXProject section */
		3E9472ED15008EF900A261DD /* Project object */ = {
			isa = PBXProject;
			attributes = {
				LastUpgradeCheck = 0430;
				ORGANIZATIONNAME = Calimucho;
			};
			buildConfigurationList = 3E9472F015008EF900A261DD /* Build configuration list for PBXProject "Piggyback" */;
			compatibilityVersion = "Xcode 3.2";
			developmentRegion = English;
			hasScannedForEncodings = 0;
			knownRegions = (
				en,
			);
			mainGroup = 3E9472EB15008EF900A261DD;
			productRefGroup = 3E9472F715008EF900A261DD /* Products */;
			projectDirPath = "";
			projectReferences = (
				{
					ProductGroup = 3E0EAB9215288860008CB78C /* Products */;
					ProjectRef = 3E0EAB9115288860008CB78C /* RestKit.xcodeproj */;
				},
			);
			projectRoot = "";
			targets = (
				3E9472F515008EF900A261DD /* Piggyback */,
			);
		};
/* End PBXProject section */

/* Begin PBXReferenceProxy section */
		3E0EAB9C15288860008CB78C /* libRestKit.a */ = {
			isa = PBXReferenceProxy;
			fileType = archive.ar;
			path = libRestKit.a;
			remoteRef = 3E0EAB9B15288860008CB78C /* PBXContainerItemProxy */;
			sourceTree = BUILT_PRODUCTS_DIR;
		};
		3E0EAB9E15288860008CB78C /* RestKitTests.octest */ = {
			isa = PBXReferenceProxy;
			fileType = wrapper.cfbundle;
			path = RestKitTests.octest;
			remoteRef = 3E0EAB9D15288860008CB78C /* PBXContainerItemProxy */;
			sourceTree = BUILT_PRODUCTS_DIR;
		};
		3E0EABA015288860008CB78C /* RestKit.framework */ = {
			isa = PBXReferenceProxy;
			fileType = wrapper.framework;
			path = RestKit.framework;
			remoteRef = 3E0EAB9F15288860008CB78C /* PBXContainerItemProxy */;
			sourceTree = BUILT_PRODUCTS_DIR;
		};
		3E0EABA215288860008CB78C /* RestKitFrameworkTests.octest */ = {
			isa = PBXReferenceProxy;
			fileType = wrapper.cfbundle;
			path = RestKitFrameworkTests.octest;
			remoteRef = 3E0EABA115288860008CB78C /* PBXContainerItemProxy */;
			sourceTree = BUILT_PRODUCTS_DIR;
		};
/* End PBXReferenceProxy section */

/* Begin PBXResourcesBuildPhase section */
		3E9472F415008EF900A261DD /* Resources */ = {
			isa = PBXResourcesBuildPhase;
			buildActionMask = 2147483647;
			files = (
				3E94730515008EF900A261DD /* InfoPlist.strings in Resources */,
				3E94730E15008EF900A261DD /* MainStoryboard_iPhone.storyboard in Resources */,
				3EFDB52F15017C6500CC57A8 /* FBDialog.bundle in Resources */,
				3EB2D043150580600028E664 /* FBConnect.bundle in Resources */,
				3E7429371505956A005A272C /* LoginWithFacebookNormal.png in Resources */,
				3EB2BB8C15183BDD0034820F /* list_tabbar_icon@2x.png in Resources */,
				3EB2BB9015183C5B0034820F /* list_tabbar_icon.png in Resources */,
				3EB5B3C7151953E10009980F /* piggyback_titlebar.png in Resources */,
				3EB5B3C8151953E10009980F /* piggyback_titlebar@2x.png in Resources */,
				3EB5B3CB1519541F0009980F /* piggyback_titlebar_background.png in Resources */,
				3EB5B3CC1519541F0009980F /* piggyback_titlebar_background@2x.png in Resources */,
				3EB580381519608900EA329C /* geolocation_icon@2x.png in Resources */,
				3EB5803A1519609200EA329C /* phone_icon@2x.png in Resources */,
				3E587E871519614400C7E3EF /* inbox_tabbar_icon.png in Resources */,
				3E587E881519614400C7E3EF /* inbox_tabbar_icon@2x.png in Resources */,
				3E5400E41519677E0078CFC2 /* geolocation_icon.png in Resources */,
				3E5400E6151967B80078CFC2 /* phone_icon.png in Resources */,
				3E47337D1519A78200083B53 /* blue_square@2x.png in Resources */,
				4F4DACB2151AD58200E6E65C /* Icon.png in Resources */,
				4F4DACB3151AD58200E6E65C /* Icon@2x.png in Resources */,
				3EAC2AF5152157FF00B69392 /* login_bg@2x.png in Resources */,
				3EAC2AF6152157FF00B69392 /* login_bg.png in Resources */,
				3EB62AEE152159E90071B0C4 /* LoginWithFacebookNormal@2x.png in Resources */,
				3ED78A381523277700FE5C69 /* blackArrow.png in Resources */,
				3ED78A391523277700FE5C69 /* blackArrow@2x.png in Resources */,
				3ED78A3A1523277700FE5C69 /* blueArrow.png in Resources */,
				3ED78A3B1523277700FE5C69 /* blueArrow@2x.png in Resources */,
				3ED78A3C1523277700FE5C69 /* grayArrow.png in Resources */,
				3ED78A3D1523277700FE5C69 /* grayArrow@2x.png in Resources */,
				3ED78A3E1523277700FE5C69 /* whiteArrow.png in Resources */,
				3ED78A3F1523277700FE5C69 /* whiteArrow@2x.png in Resources */,
				3E47FED6152C16BD00421FFE /* no_photo.png in Resources */,
			);
			runOnlyForDeploymentPostprocessing = 0;
		};
/* End PBXResourcesBuildPhase section */

/* Begin PBXSourcesBuildPhase section */
		3E9472F215008EF900A261DD /* Sources */ = {
			isa = PBXSourcesBuildPhase;
			buildActionMask = 2147483647;
			files = (
				3E94730715008EF900A261DD /* main.m in Sources */,
				3E94730B15008EF900A261DD /* PiggybackAppDelegate.m in Sources */,
				3E94731415008EF900A261DD /* LoginViewController.m in Sources */,
				F9D0BDBB1508B76000D963B7 /* PBVendor.m in Sources */,
				F9D0BDBE1508BC9000D963B7 /* VendorViewController.m in Sources */,
				F936AB7F1508F12F0019F191 /* PBVendorReferralComment.m in Sources */,
				F936AB82150A2B800019F191 /* ReferralCommentTableCell.m in Sources */,
				F936AB85150A5AC70019F191 /* Constants.m in Sources */,
				3E734B721508C24C003FD9CB /* PBUser.m in Sources */,
				3E734B751508F4AA003FD9CB /* ListsTableViewController.m in Sources */,
				3E734B781508F983003FD9CB /* PBList.m in Sources */,
				3EBD2CF2150A0C9800715DD0 /* PiggybackTabBarController.m in Sources */,
				3E3BDF3D150D9FD200C1C81C /* PBListEntry.m in Sources */,
				3E9795C9150EAFDF00E0E662 /* IndividualListViewController.m in Sources */,
				F985B431150F5097002791B2 /* PBInboxItem.m in Sources */,
				F985B437150FE9D0002791B2 /* InboxTableViewController.m in Sources */,
				F985B43A151010F2002791B2 /* InboxTableCell.m in Sources */,
				F9645D9315121FD100A6B0F7 /* LocationController.m in Sources */,
				3E193F4C15144E9600D80BB8 /* EmptyIndividualListTableViewController.m in Sources */,
				3EBA711C1514B7810043A4F9 /* ListEntryTableViewCell.m in Sources */,
				F9B74038151934E9005D125B /* VendorInfoTableCell.m in Sources */,
				3EB2BB991518964F0034820F /* PiggybackNavigationController.m in Sources */,
				3ED78A1C1522E92E00FE5C69 /* Piggyback.xcdatamodeld in Sources */,
				3E36D560152331F0001C9070 /* EGORefreshTableHeaderView.m in Sources */,
				3E47FED4152C113A00421FFE /* PBVendorPhoto.m in Sources */,
			);
			runOnlyForDeploymentPostprocessing = 0;
		};
/* End PBXSourcesBuildPhase section */

/* Begin PBXTargetDependency section */
		3E0EABA5152888FF008CB78C /* PBXTargetDependency */ = {
			isa = PBXTargetDependency;
			name = RestKit;
			targetProxy = 3E0EABA4152888FF008CB78C /* PBXContainerItemProxy */;
		};
/* End PBXTargetDependency section */

/* Begin PBXVariantGroup section */
		3E94730315008EF900A261DD /* InfoPlist.strings */ = {
			isa = PBXVariantGroup;
			children = (
				3E94730415008EF900A261DD /* en */,
			);
			name = InfoPlist.strings;
			sourceTree = "<group>";
		};
		3E94730C15008EF900A261DD /* MainStoryboard_iPhone.storyboard */ = {
			isa = PBXVariantGroup;
			children = (
				3E94730D15008EF900A261DD /* en */,
			);
			name = MainStoryboard_iPhone.storyboard;
			sourceTree = "<group>";
		};
/* End PBXVariantGroup section */

/* Begin XCBuildConfiguration section */
		3E94731515008EF900A261DD /* Debug */ = {
			isa = XCBuildConfiguration;
			buildSettings = {
				ALWAYS_SEARCH_USER_PATHS = NO;
				ARCHS = "$(ARCHS_STANDARD_32_BIT)";
				CLANG_ENABLE_OBJC_ARC = YES;
				"CODE_SIGN_IDENTITY[sdk=iphoneos*]" = "iPhone Developer";
				COPY_PHASE_STRIP = NO;
				GCC_C_LANGUAGE_STANDARD = gnu99;
				GCC_DYNAMIC_NO_PIC = NO;
				GCC_OPTIMIZATION_LEVEL = 0;
				GCC_PREPROCESSOR_DEFINITIONS = (
					"DEBUG=1",
					"$(inherited)",
				);
				GCC_SYMBOLS_PRIVATE_EXTERN = NO;
				GCC_VERSION = com.apple.compilers.llvm.clang.1_0;
				GCC_WARN_ABOUT_MISSING_PROTOTYPES = YES;
				GCC_WARN_ABOUT_RETURN_TYPE = YES;
				GCC_WARN_UNUSED_VARIABLE = YES;
				IPHONEOS_DEPLOYMENT_TARGET = 5.1;
				SDKROOT = iphoneos;
				TARGETED_DEVICE_FAMILY = "1,2";
			};
			name = Debug;
		};
		3E94731615008EF900A261DD /* Release */ = {
			isa = XCBuildConfiguration;
			buildSettings = {
				ALWAYS_SEARCH_USER_PATHS = NO;
				ARCHS = "$(ARCHS_STANDARD_32_BIT)";
				CLANG_ENABLE_OBJC_ARC = YES;
				"CODE_SIGN_IDENTITY[sdk=iphoneos*]" = "iPhone Developer";
				COPY_PHASE_STRIP = YES;
				GCC_C_LANGUAGE_STANDARD = gnu99;
				GCC_VERSION = com.apple.compilers.llvm.clang.1_0;
				GCC_WARN_ABOUT_MISSING_PROTOTYPES = YES;
				GCC_WARN_ABOUT_RETURN_TYPE = YES;
				GCC_WARN_UNUSED_VARIABLE = YES;
				IPHONEOS_DEPLOYMENT_TARGET = 5.1;
				OTHER_CFLAGS = "-DNS_BLOCK_ASSERTIONS=1";
				SDKROOT = iphoneos;
				TARGETED_DEVICE_FAMILY = "1,2";
				VALIDATE_PRODUCT = YES;
			};
			name = Release;
		};
		3E94731815008EF900A261DD /* Debug */ = {
			isa = XCBuildConfiguration;
			buildSettings = {
				CODE_SIGN_IDENTITY = "iPhone Developer: Michael Gao (G6PBJCV7M3)";
				"CODE_SIGN_IDENTITY[sdk=iphoneos*]" = "iPhone Developer: Michael Gao (G6PBJCV7M3)";
				"CODE_SIGN_IDENTITY[sdk=iphoneos5.1]" = "iPhone Developer: Michael Gao (G6PBJCV7M3)";
				GCC_PRECOMPILE_PREFIX_HEADER = YES;
				GCC_PREFIX_HEADER = "Piggyback/Piggyback-Prefix.pch";
				HEADER_SEARCH_PATHS = "\"$(SOURCE_ROOT)/RestKit/Build\"/**";
				INFOPLIST_FILE = "Piggyback/Piggyback-Info.plist";
				IPHONEOS_DEPLOYMENT_TARGET = 5.1;
				LIBRARY_SEARCH_PATHS = (
					"$(inherited)",
					"\"$(SRCROOT)/facebook-ios-sdk\"",
				);
				OTHER_LDFLAGS = (
					"-ObjC",
					"-all_load",
				);
				PRODUCT_NAME = "$(TARGET_NAME)";
				PROVISIONING_PROFILE = "3B8333F5-76C9-4E1D-9897-2D37878E00DA";
				"PROVISIONING_PROFILE[sdk=iphoneos*]" = "3B8333F5-76C9-4E1D-9897-2D37878E00DA";
				"PROVISIONING_PROFILE[sdk=iphoneos5.1]" = "3B8333F5-76C9-4E1D-9897-2D37878E00DA";
				TARGETED_DEVICE_FAMILY = 1;
				WRAPPER_EXTENSION = app;
			};
			name = Debug;
		};
		3E94731915008EF900A261DD /* Release */ = {
			isa = XCBuildConfiguration;
			buildSettings = {
				CODE_SIGN_IDENTITY = "iPhone Developer: Michael Gao (G6PBJCV7M3)";
				"CODE_SIGN_IDENTITY[sdk=iphoneos*]" = "iPhone Developer: Michael Gao (G6PBJCV7M3)";
				"CODE_SIGN_IDENTITY[sdk=iphoneos5.1]" = "iPhone Developer: Michael Gao (G6PBJCV7M3)";
				GCC_PRECOMPILE_PREFIX_HEADER = YES;
				GCC_PREFIX_HEADER = "Piggyback/Piggyback-Prefix.pch";
				HEADER_SEARCH_PATHS = "\"$(SOURCE_ROOT)/RestKit/Build\"/**";
				INFOPLIST_FILE = "Piggyback/Piggyback-Info.plist";
				IPHONEOS_DEPLOYMENT_TARGET = 5.1;
				LIBRARY_SEARCH_PATHS = (
					"$(inherited)",
					"\"$(SRCROOT)/facebook-ios-sdk\"",
				);
				OTHER_LDFLAGS = (
					"-ObjC",
					"-all_load",
				);
				PRODUCT_NAME = "$(TARGET_NAME)";
				PROVISIONING_PROFILE = "3B8333F5-76C9-4E1D-9897-2D37878E00DA";
				"PROVISIONING_PROFILE[sdk=iphoneos*]" = "3B8333F5-76C9-4E1D-9897-2D37878E00DA";
				"PROVISIONING_PROFILE[sdk=iphoneos5.1]" = "3B8333F5-76C9-4E1D-9897-2D37878E00DA";
				TARGETED_DEVICE_FAMILY = 1;
				WRAPPER_EXTENSION = app;
			};
			name = Release;
		};
/* End XCBuildConfiguration section */

/* Begin XCConfigurationList section */
		3E9472F015008EF900A261DD /* Build configuration list for PBXProject "Piggyback" */ = {
			isa = XCConfigurationList;
			buildConfigurations = (
				3E94731515008EF900A261DD /* Debug */,
				3E94731615008EF900A261DD /* Release */,
			);
			defaultConfigurationIsVisible = 0;
			defaultConfigurationName = Release;
		};
		3E94731715008EF900A261DD /* Build configuration list for PBXNativeTarget "Piggyback" */ = {
			isa = XCConfigurationList;
			buildConfigurations = (
				3E94731815008EF900A261DD /* Debug */,
				3E94731915008EF900A261DD /* Release */,
			);
			defaultConfigurationIsVisible = 0;
			defaultConfigurationName = Release;
		};
/* End XCConfigurationList section */

/* Begin XCVersionGroup section */
		3ED78A1A1522E92E00FE5C69 /* Piggyback.xcdatamodeld */ = {
			isa = XCVersionGroup;
			children = (
				3ED78A1B1522E92E00FE5C69 /* Piggyback.xcdatamodel */,
			);
			currentVersion = 3ED78A1B1522E92E00FE5C69 /* Piggyback.xcdatamodel */;
			path = Piggyback.xcdatamodeld;
			sourceTree = SOURCE_ROOT;
			versionGroupType = wrapper.xcdatamodel;
		};
/* End XCVersionGroup section */
	};
	rootObject = 3E9472ED15008EF900A261DD /* Project object */;
}
